<?xml version="1.0"?>
<plist version="1.0">
	<dict>
		<key>archiveVersion</key>
		<string>1</string>
		<key>classes</key>
		<dict />
		<key>objectVersion</key>
		<string>45</string>
		<key>objects</key>
		<dict>
			<key>9d3fbfbcc1ee3203c85613ccf7e80431</key>
			<dict>
				<key>explicitFileType</key>
				<string>sourcecode.c.h</string>
				<key>fileEncoding</key>
				<string>30</string>
				<key>isa</key>
				<string>PBXFileReference</string>
				<key>name</key>
				<string>DefaultLogger.h</string>
				<key>path</key>
				<string>../../../addons/ofxAssimpModelLoader/libs/assimp/include/DefaultLogger.h</string>
				<key>sourceTree</key>
				<string>SOURCE_ROOT</string>
			</dict>
			<key>564045ef0424b7037832d90382f88900</key>
			<dict>
				<key>explicitFileType</key>
				<string>sourcecode.c.h</string>
				<key>fileEncoding</key>
				<string>30</string>
				<key>isa</key>
				<string>PBXFileReference</string>
				<key>name</key>
				<string>assimp.h</string>
				<key>path</key>
				<string>../../../addons/ofxAssimpModelLoader/libs/assimp/include/assimp.h</string>
				<key>sourceTree</key>
				<string>SOURCE_ROOT</string>
			</dict>
			<key>8ebbbb59caed1e54f37c7038f27990ee</key>
			<dict>
				<key>explicitFileType</key>
				<string>sourcecode.c.h</string>
				<key>fileEncoding</key>
				<string>30</string>
				<key>isa</key>
				<string>PBXFileReference</string>
				<key>name</key>
				<string>IOSystem.h</string>
				<key>path</key>
				<string>../../../addons/ofxAssimpModelLoader/libs/assimp/include/IOSystem.h</string>
				<key>sourceTree</key>
				<string>SOURCE_ROOT</string>
			</dict>
			<key>65bac5a3b9c9387859a2b0e01dd0c5e7</key>
			<dict>
				<key>explicitFileType</key>
				<string>sourcecode.c.h</string>
				<key>fileEncoding</key>
				<string>30</string>
				<key>isa</key>
				<string>PBXFileReference</string>
				<key>name</key>
				<string>pushpack1.h</string>
				<key>path</key>
				<string>../../../addons/ofxAssimpModelLoader/libs/assimp/include/Compiler/pushpack1.h</string>
				<key>sourceTree</key>
				<string>SOURCE_ROOT</string>
			</dict>
			<key>93a9152986a73da32dbd796433b96c9f</key>
			<dict>
				<key>children</key>
				<array>
					<string>1aa18353f9701b01731dfadf228466c5</string>
					<string>65bac5a3b9c9387859a2b0e01dd0c5e7</string>
				</array>
				<key>isa</key>
				<string>PBXGroup</string>
				<key>name</key>
				<string>Compiler</string>
				<key>sourceTree</key>
				<string>&lt;group&gt;</string>
			</dict>
			<key>1aa18353f9701b01731dfadf228466c5</key>
			<dict>
				<key>explicitFileType</key>
				<string>sourcecode.c.h</string>
				<key>fileEncoding</key>
				<string>30</string>
				<key>isa</key>
				<string>PBXFileReference</string>
				<key>name</key>
				<string>poppack1.h</string>
				<key>path</key>
				<string>../../../addons/ofxAssimpModelLoader/libs/assimp/include/Compiler/poppack1.h</string>
				<key>sourceTree</key>
				<string>SOURCE_ROOT</string>
			</dict>
			<key>838b1d2c3319363cf8762b067909ebfc</key>
			<dict>
				<key>explicitFileType</key>
				<string>sourcecode.c.h</string>
				<key>fileEncoding</key>
				<string>30</string>
				<key>isa</key>
				<string>PBXFileReference</string>
				<key>name</key>
				<string>aiCamera.h</string>
				<key>path</key>
				<string>../../../addons/ofxAssimpModelLoader/libs/assimp/include/aiCamera.h</string>
				<key>sourceTree</key>
				<string>SOURCE_ROOT</string>
			</dict>
			<key>b170ee628be77202946345e5f0de71e9</key>
			<dict>
				<key>explicitFileType</key>
				<string>sourcecode.c.h</string>
				<key>fileEncoding</key>
				<string>30</string>
				<key>isa</key>
				<string>PBXFileReference</string>
				<key>name</key>
				<string>aiPostProcess.h</string>
				<key>path</key>
				<string>../../../addons/ofxAssimpModelLoader/libs/assimp/include/aiPostProcess.h</string>
				<key>sourceTree</key>
				<string>SOURCE_ROOT</string>
			</dict>
			<key>c72403edcb7dcaec60d1dcdd13017e0c</key>
			<dict>
				<key>explicitFileType</key>
				<string>sourcecode.c.h</string>
				<key>fileEncoding</key>
				<string>30</string>
				<key>isa</key>
				<string>PBXFileReference</string>
				<key>name</key>
				<string>aiVersion.h</string>
				<key>path</key>
				<string>../../../addons/ofxAssimpModelLoader/libs/assimp/include/aiVersion.h</string>
				<key>sourceTree</key>
				<string>SOURCE_ROOT</string>
			</dict>
			<key>f82ef0c060cbdac33ab84f2739ec546a</key>
			<dict>
				<key>explicitFileType</key>
				<string>sourcecode.c.h</string>
				<key>fileEncoding</key>
				<string>30</string>
				<key>isa</key>
				<string>PBXFileReference</string>
				<key>name</key>
				<string>aiMaterial.h</string>
				<key>path</key>
				<string>../../../addons/ofxAssimpModelLoader/libs/assimp/include/aiMaterial.h</string>
				<key>sourceTree</key>
				<string>SOURCE_ROOT</string>
			</dict>
			<key>28904a3f685cce2d22b588e9936f112b</key>
			<dict>
				<key>explicitFileType</key>
				<string>sourcecode.c.h</string>
				<key>fileEncoding</key>
				<string>30</string>
				<key>isa</key>
				<string>PBXFileReference</string>
				<key>name</key>
				<string>aiVector2D.h</string>
				<key>path</key>
				<string>../../../addons/ofxAssimpModelLoader/libs/assimp/include/aiVector2D.h</string>
				<key>sourceTree</key>
				<string>SOURCE_ROOT</string>
			</dict>
			<key>55b81b66e9935717c0fb91416f3db68f</key>
			<dict>
				<key>explicitFileType</key>
				<string>sourcecode.c.h</string>
				<key>fileEncoding</key>
				<string>30</string>
				<key>isa</key>
				<string>PBXFileReference</string>
				<key>name</key>
				<string>Logger.h</string>
				<key>path</key>
				<string>../../../addons/ofxAssimpModelLoader/libs/assimp/include/Logger.h</string>
				<key>sourceTree</key>
				<string>SOURCE_ROOT</string>
			</dict>
			<key>3dbacca958271ecb22f7ab67d74a49ce</key>
			<dict>
				<key>explicitFileType</key>
				<string>sourcecode.c.h</string>
				<key>fileEncoding</key>
				<string>30</string>
				<key>isa</key>
				<string>PBXFileReference</string>
				<key>name</key>
				<string>aiConfig.h</string>
				<key>path</key>
				<string>../../../addons/ofxAssimpModelLoader/libs/assimp/include/aiConfig.h</string>
				<key>sourceTree</key>
				<string>SOURCE_ROOT</string>
			</dict>
			<key>e15a2aa8d846b3107aacc31edd2b9a3b</key>
			<dict>
				<key>explicitFileType</key>
				<string>sourcecode.c.h</string>
				<key>fileEncoding</key>
				<string>30</string>
				<key>isa</key>
				<string>PBXFileReference</string>
				<key>name</key>
				<string>aiVector3D.h</string>
				<key>path</key>
				<string>../../../addons/ofxAssimpModelLoader/libs/assimp/include/aiVector3D.h</string>
				<key>sourceTree</key>
				<string>SOURCE_ROOT</string>
			</dict>
			<key>cb6e898fb329c46ec3def46127b7f74e</key>
			<dict>
				<key>explicitFileType</key>
				<string>sourcecode.c.h</string>
				<key>fileEncoding</key>
				<string>30</string>
				<key>isa</key>
				<string>PBXFileReference</string>
				<key>name</key>
				<string>aiMatrix4x4.h</string>
				<key>path</key>
				<string>../../../addons/ofxAssimpModelLoader/libs/assimp/include/aiMatrix4x4.h</string>
				<key>sourceTree</key>
				<string>SOURCE_ROOT</string>
			</dict>
			<key>c5527ea29f52ffa0c868e1b945f4c509</key>
			<dict>
				<key>explicitFileType</key>
				<string>sourcecode.c.h</string>
				<key>fileEncoding</key>
				<string>30</string>
				<key>isa</key>
				<string>PBXFileReference</string>
				<key>name</key>
				<string>NullLogger.h</string>
				<key>path</key>
				<string>../../../addons/ofxAssimpModelLoader/libs/assimp/include/NullLogger.h</string>
				<key>sourceTree</key>
				<string>SOURCE_ROOT</string>
			</dict>
			<key>c878437fc072e5d613f2495ac838b698</key>
			<dict>
				<key>explicitFileType</key>
				<string>sourcecode.c.h</string>
				<key>fileEncoding</key>
				<string>30</string>
				<key>isa</key>
				<string>PBXFileReference</string>
				<key>name</key>
				<string>aiTexture.h</string>
				<key>path</key>
				<string>../../../addons/ofxAssimpModelLoader/libs/assimp/include/aiTexture.h</string>
				<key>sourceTree</key>
				<string>SOURCE_ROOT</string>
			</dict>
			<key>5e154ce6eae1c51e3e6c3afe877468db</key>
			<dict>
				<key>explicitFileType</key>
				<string>sourcecode.c.h</string>
				<key>fileEncoding</key>
				<string>30</string>
				<key>isa</key>
				<string>PBXFileReference</string>
				<key>name</key>
				<string>aiMesh.h</string>
				<key>path</key>
				<string>../../../addons/ofxAssimpModelLoader/libs/assimp/include/aiMesh.h</string>
				<key>sourceTree</key>
				<string>SOURCE_ROOT</string>
			</dict>
			<key>7da8f80a221c83c141fd02b1bf0fd401</key>
			<dict>
				<key>explicitFileType</key>
				<string>sourcecode.c.h</string>
				<key>fileEncoding</key>
				<string>30</string>
				<key>isa</key>
				<string>PBXFileReference</string>
				<key>name</key>
				<string>aiDefines.h</string>
				<key>path</key>
				<string>../../../addons/ofxAssimpModelLoader/libs/assimp/include/aiDefines.h</string>
				<key>sourceTree</key>
				<string>SOURCE_ROOT</string>
			</dict>
			<key>1b2b8dd25ba5cc157bedbcf0a4512832</key>
			<dict>
				<key>explicitFileType</key>
				<string>sourcecode.c.h</string>
				<key>fileEncoding</key>
				<string>30</string>
				<key>isa</key>
				<string>PBXFileReference</string>
				<key>name</key>
				<string>aiColor4D.h</string>
				<key>path</key>
				<string>../../../addons/ofxAssimpModelLoader/libs/assimp/include/aiColor4D.h</string>
				<key>sourceTree</key>
				<string>SOURCE_ROOT</string>
			</dict>
			<key>8504ff32a0062075b2b34f3ce8f21a72</key>
			<dict>
				<key>explicitFileType</key>
				<string>sourcecode.c.h</string>
				<key>fileEncoding</key>
				<string>30</string>
				<key>isa</key>
				<string>PBXFileReference</string>
				<key>name</key>
				<string>aiMatrix3x3.h</string>
				<key>path</key>
				<string>../../../addons/ofxAssimpModelLoader/libs/assimp/include/aiMatrix3x3.h</string>
				<key>sourceTree</key>
				<string>SOURCE_ROOT</string>
			</dict>
			<key>8eb7e3aa842b22a0d284ea31e39e4301</key>
			<dict>
				<key>explicitFileType</key>
				<string>sourcecode.c.h</string>
				<key>fileEncoding</key>
				<string>30</string>
				<key>isa</key>
				<string>PBXFileReference</string>
				<key>name</key>
				<string>aiScene.h</string>
				<key>path</key>
				<string>../../../addons/ofxAssimpModelLoader/libs/assimp/include/aiScene.h</string>
				<key>sourceTree</key>
				<string>SOURCE_ROOT</string>
			</dict>
			<key>12a495636e8f8086e17251c020a83154</key>
			<dict>
				<key>explicitFileType</key>
				<string>sourcecode.c.h</string>
				<key>fileEncoding</key>
				<string>30</string>
				<key>isa</key>
				<string>PBXFileReference</string>
				<key>name</key>
				<string>LogStream.h</string>
				<key>path</key>
				<string>../../../addons/ofxAssimpModelLoader/libs/assimp/include/LogStream.h</string>
				<key>sourceTree</key>
				<string>SOURCE_ROOT</string>
			</dict>
			<key>cc940533e79102644e0eba5599fb0fb6</key>
			<dict>
				<key>explicitFileType</key>
				<string>sourcecode.c.h</string>
				<key>fileEncoding</key>
				<string>30</string>
				<key>isa</key>
				<string>PBXFileReference</string>
				<key>name</key>
				<string>IOStream.h</string>
				<key>path</key>
				<string>../../../addons/ofxAssimpModelLoader/libs/assimp/include/IOStream.h</string>
				<key>sourceTree</key>
				<string>SOURCE_ROOT</string>
			</dict>
			<key>53ea0e889f34624ce3313e04cd77bdc4</key>
			<dict>
				<key>explicitFileType</key>
				<string>sourcecode.c.h</string>
				<key>fileEncoding</key>
				<string>30</string>
				<key>isa</key>
				<string>PBXFileReference</string>
				<key>name</key>
				<string>assimp.hpp</string>
				<key>path</key>
				<string>../../../addons/ofxAssimpModelLoader/libs/assimp/include/assimp.hpp</string>
				<key>sourceTree</key>
				<string>SOURCE_ROOT</string>
			</dict>
			<key>411b9b9bc0591439d8f0b056069b76d2</key>
			<dict>
				<key>explicitFileType</key>
				<string>sourcecode.c.h</string>
				<key>fileEncoding</key>
				<string>30</string>
				<key>isa</key>
				<string>PBXFileReference</string>
				<key>name</key>
				<string>aiLight.h</string>
				<key>path</key>
				<string>../../../addons/ofxAssimpModelLoader/libs/assimp/include/aiLight.h</string>
				<key>sourceTree</key>
				<string>SOURCE_ROOT</string>
			</dict>
			<key>0d3785e8f7feb9257fea2d7d3e2823e6</key>
			<dict>
				<key>explicitFileType</key>
				<string>sourcecode.c.h</string>
				<key>fileEncoding</key>
				<string>30</string>
				<key>isa</key>
				<string>PBXFileReference</string>
				<key>name</key>
				<string>ProgressHandler.h</string>
				<key>path</key>
				<string>../../../addons/ofxAssimpModelLoader/libs/assimp/include/ProgressHandler.h</string>
				<key>sourceTree</key>
				<string>SOURCE_ROOT</string>
			</dict>
			<key>1eaed5cffef5186b868078917fbc5992</key>
			<dict>
				<key>explicitFileType</key>
				<string>sourcecode.c.h</string>
				<key>fileEncoding</key>
				<string>30</string>
				<key>isa</key>
				<string>PBXFileReference</string>
				<key>name</key>
				<string>aiAssert.h</string>
				<key>path</key>
				<string>../../../addons/ofxAssimpModelLoader/libs/assimp/include/aiAssert.h</string>
				<key>sourceTree</key>
				<string>SOURCE_ROOT</string>
			</dict>
			<key>7376e26531d91026464d8c58a27b7069</key>
			<dict>
				<key>explicitFileType</key>
				<string>sourcecode.c.h</string>
				<key>fileEncoding</key>
				<string>30</string>
				<key>isa</key>
				<string>PBXFileReference</string>
				<key>name</key>
				<string>aiFileIO.h</string>
				<key>path</key>
				<string>../../../addons/ofxAssimpModelLoader/libs/assimp/include/aiFileIO.h</string>
				<key>sourceTree</key>
				<string>SOURCE_ROOT</string>
			</dict>
			<key>da9359f0f209e6a0b17ddb7d2000d1a0</key>
			<dict>
				<key>explicitFileType</key>
				<string>sourcecode.c.h</string>
				<key>fileEncoding</key>
				<string>30</string>
				<key>isa</key>
				<string>PBXFileReference</string>
				<key>name</key>
				<string>aiQuaternion.h</string>
				<key>path</key>
				<string>../../../addons/ofxAssimpModelLoader/libs/assimp/include/aiQuaternion.h</string>
				<key>sourceTree</key>
				<string>SOURCE_ROOT</string>
			</dict>
			<key>907f2521dc2465da06c6af1d1c18c799</key>
			<dict>
				<key>explicitFileType</key>
				<string>sourcecode.c.h</string>
				<key>fileEncoding</key>
				<string>30</string>
				<key>isa</key>
				<string>PBXFileReference</string>
				<key>name</key>
				<string>aiAnim.h</string>
				<key>path</key>
				<string>../../../addons/ofxAssimpModelLoader/libs/assimp/include/aiAnim.h</string>
				<key>sourceTree</key>
				<string>SOURCE_ROOT</string>
			</dict>
			<key>eefdd7ae0009ae6f77ef2a937399e1cd</key>
			<dict>
				<key>children</key>
				<array>
					<string>9812ab5b873dce671edd4e6ddd281e54</string>
					<string>907f2521dc2465da06c6af1d1c18c799</string>
					<string>da9359f0f209e6a0b17ddb7d2000d1a0</string>
					<string>7376e26531d91026464d8c58a27b7069</string>
					<string>1eaed5cffef5186b868078917fbc5992</string>
					<string>0d3785e8f7feb9257fea2d7d3e2823e6</string>
					<string>411b9b9bc0591439d8f0b056069b76d2</string>
					<string>53ea0e889f34624ce3313e04cd77bdc4</string>
					<string>cc940533e79102644e0eba5599fb0fb6</string>
					<string>12a495636e8f8086e17251c020a83154</string>
					<string>8eb7e3aa842b22a0d284ea31e39e4301</string>
					<string>8504ff32a0062075b2b34f3ce8f21a72</string>
					<string>1b2b8dd25ba5cc157bedbcf0a4512832</string>
					<string>7da8f80a221c83c141fd02b1bf0fd401</string>
					<string>5e154ce6eae1c51e3e6c3afe877468db</string>
					<string>c878437fc072e5d613f2495ac838b698</string>
					<string>c5527ea29f52ffa0c868e1b945f4c509</string>
					<string>cb6e898fb329c46ec3def46127b7f74e</string>
					<string>e15a2aa8d846b3107aacc31edd2b9a3b</string>
					<string>3dbacca958271ecb22f7ab67d74a49ce</string>
					<string>55b81b66e9935717c0fb91416f3db68f</string>
					<string>28904a3f685cce2d22b588e9936f112b</string>
					<string>f82ef0c060cbdac33ab84f2739ec546a</string>
					<string>c72403edcb7dcaec60d1dcdd13017e0c</string>
					<string>b170ee628be77202946345e5f0de71e9</string>
					<string>838b1d2c3319363cf8762b067909ebfc</string>
					<string>93a9152986a73da32dbd796433b96c9f</string>
					<string>8ebbbb59caed1e54f37c7038f27990ee</string>
					<string>564045ef0424b7037832d90382f88900</string>
					<string>9d3fbfbcc1ee3203c85613ccf7e80431</string>
				</array>
				<key>isa</key>
				<string>PBXGroup</string>
				<key>name</key>
				<string>include</string>
				<key>sourceTree</key>
				<string>&lt;group&gt;</string>
			</dict>
			<key>59905d957fde48902cf1f72978ddcb13</key>
			<dict>
				<key>children</key>
				<array>
					<string>eefdd7ae0009ae6f77ef2a937399e1cd</string>
				</array>
				<key>isa</key>
				<string>PBXGroup</string>
				<key>name</key>
				<string>assimp</string>
				<key>sourceTree</key>
				<string>&lt;group&gt;</string>
			</dict>
			<key>c721a9af1157766afe54645eb70f1a7b</key>
			<dict>
				<key>children</key>
				<array>
					<string>59905d957fde48902cf1f72978ddcb13</string>
				</array>
				<key>isa</key>
				<string>PBXGroup</string>
				<key>name</key>
				<string>libs</string>
				<key>sourceTree</key>
				<string>&lt;group&gt;</string>
			</dict>
			<key>9812ab5b873dce671edd4e6ddd281e54</key>
			<dict>
				<key>explicitFileType</key>
				<string>sourcecode.c.h</string>
				<key>fileEncoding</key>
				<string>30</string>
				<key>isa</key>
				<string>PBXFileReference</string>
				<key>name</key>
				<string>aiTypes.h</string>
				<key>path</key>
				<string>../../../addons/ofxAssimpModelLoader/libs/assimp/include/aiTypes.h</string>
				<key>sourceTree</key>
				<string>SOURCE_ROOT</string>
			</dict>
			<key>8ded5056525646fa71980866dad7cfd5</key>
			<dict>
				<key>fileRef</key>
				<string>ede55d82bd962dac0e94b708addc77b6</string>
				<key>isa</key>
				<string>PBXBuildFile</string>
			</dict>
			<key>ede55d82bd962dac0e94b708addc77b6</key>
			<dict>
				<key>explicitFileType</key>
				<string>sourcecode.cpp.cpp</string>
				<key>fileEncoding</key>
				<string>30</string>
				<key>isa</key>
				<string>PBXFileReference</string>
				<key>name</key>
				<string>ofxAssimpModelLoader.cpp</string>
				<key>path</key>
				<string>../../../addons/ofxAssimpModelLoader/src/ofxAssimpModelLoader.cpp</string>
				<key>sourceTree</key>
				<string>SOURCE_ROOT</string>
			</dict>
			<key>7df381f656e8fd352e21346e62796c7d</key>
			<dict>
				<key>explicitFileType</key>
				<string>sourcecode.c.h</string>
				<key>fileEncoding</key>
				<string>30</string>
				<key>isa</key>
				<string>PBXFileReference</string>
				<key>name</key>
				<string>ofxAssimpModelLoader.h</string>
				<key>path</key>
				<string>../../../addons/ofxAssimpModelLoader/src/ofxAssimpModelLoader.h</string>
				<key>sourceTree</key>
				<string>SOURCE_ROOT</string>
			</dict>
			<key>cea5b41d15f295720fffa3399919411b</key>
			<dict>
				<key>explicitFileType</key>
				<string>sourcecode.c.h</string>
				<key>fileEncoding</key>
				<string>30</string>
				<key>isa</key>
				<string>PBXFileReference</string>
				<key>name</key>
				<string>ofx3DBaseLoader.h</string>
				<key>path</key>
				<string>../../../addons/ofxAssimpModelLoader/src/ofx3DBaseLoader.h</string>
				<key>sourceTree</key>
				<string>SOURCE_ROOT</string>
			</dict>
			<key>9d99f547ca5c0eccb9eb980689b7dde9</key>
			<dict>
				<key>children</key>
				<array>
					<string>f0bbbd032d905d92679d83e6230f3578</string>
					<string>cea5b41d15f295720fffa3399919411b</string>
					<string>7df381f656e8fd352e21346e62796c7d</string>
					<string>ede55d82bd962dac0e94b708addc77b6</string>
				</array>
				<key>isa</key>
				<string>PBXGroup</string>
				<key>name</key>
				<string>src</string>
				<key>sourceTree</key>
				<string>&lt;group&gt;</string>
			</dict>
			<key>2c8f245acbe61e28646c17f20b185423</key>
			<dict>
				<key>children</key>
				<array>
					<string>9d99f547ca5c0eccb9eb980689b7dde9</string>
					<string>c721a9af1157766afe54645eb70f1a7b</string>
				</array>
				<key>isa</key>
				<string>PBXGroup</string>
				<key>name</key>
				<string>ofxAssimpModelLoader</string>
				<key>sourceTree</key>
				<string>&lt;group&gt;</string>
			</dict>
			<key>f0bbbd032d905d92679d83e6230f3578</key>
			<dict>
				<key>explicitFileType</key>
				<string>sourcecode.c.h</string>
				<key>fileEncoding</key>
				<string>30</string>
				<key>isa</key>
				<string>PBXFileReference</string>
				<key>name</key>
				<string>ofxAssimpMeshHelper.h</string>
				<key>path</key>
				<string>../../../addons/ofxAssimpModelLoader/src/ofxAssimpMeshHelper.h</string>
				<key>sourceTree</key>
				<string>SOURCE_ROOT</string>
			</dict>
			<key>19C28FACFE9D520D11CA2CBB</key>
			<dict>
				<key>children</key>
				<array>
					<string>1D6058910D05DD3D006BFB54</string>
				</array>
				<key>isa</key>
				<string>PBXGroup</string>
				<key>name</key>
				<string>Products</string>
				<key>sourceTree</key>
				<string>&lt;group&gt;</string>
			</dict>
			<key>1D30AB110D05D00D00671497</key>
			<dict>
				<key>isa</key>
				<string>PBXFileReference</string>
				<key>lastKnownFileType</key>
				<string>wrapper.framework</string>
				<key>name</key>
				<string>Foundation.framework</string>
				<key>path</key>
				<string>System/Library/Frameworks/Foundation.framework</string>
				<key>sourceTree</key>
				<string>SDKROOT</string>
			</dict>
			<key>1D60588D0D05DD3D006BFB54</key>
			<dict>
				<key>buildActionMask</key>
				<string>2147483647</string>
				<key>files</key>
				<array>
					<string>BB24DD8F10DA77E000E9C588</string>
					<string>BB24DD9010DA77E000E9C588</string>
					<string>BB24DDCA10DA781C00E9C588</string>
					<string>E41D3ED713B38FB500A75A5D</string>
					<string>E41D3EE613B3906D00A75A5D</string>
				</array>
				<key>isa</key>
				<string>PBXResourcesBuildPhase</string>
				<key>runOnlyForDeploymentPostprocessing</key>
				<string>0</string>
			</dict>
			<key>1D60588E0D05DD3D006BFB54</key>
			<dict>
				<key>buildActionMask</key>
				<string>2147483647</string>
				<key>files</key>
				<array>
					<string>E4D8936E11527B74007E1F53</string>
					<string>E4D8936F11527B74007E1F53</string>
					<string>8ded5056525646fa71980866dad7cfd5</string>
				</array>
				<key>isa</key>
				<string>PBXSourcesBuildPhase</string>
				<key>runOnlyForDeploymentPostprocessing</key>
				<string>0</string>
			</dict>
			<key>1D60588F0D05DD3D006BFB54</key>
			<dict>
				<key>buildActionMask</key>
				<string>2147483647</string>
				<key>files</key>
				<array>
					<string>E41D421413B3A95300A75A5D</string>
					<string>1D60589F0D05DD5A006BFB54</string>
					<string>1DF5F4E00D08C38300B7A737</string>
					<string>288765FD0DF74451002DB57D</string>
					<string>BB16EBD20F2B2A9500518274</string>
					<string>BB16EBD90F2B2AB500518274</string>
					<string>BBE5EAB80F49AD8400F28951</string>
					<string>53F323EB10A20EDB00E0DAE4</string>
					<string>5326AEA810A23A0500278DE6</string>
					<string>E4A823A412561BE3002F86A2</string>
					<string>E41D400B13B39D2100A75A5D</string>
					<string>E41D400C13B39D2100A75A5D</string>
					<string>E41D400D13B39D2100A75A5D</string>
					<string>E41D400E13B39D2100A75A5D</string>
				</array>
				<key>isa</key>
				<string>PBXFrameworksBuildPhase</string>
				<key>runOnlyForDeploymentPostprocessing</key>
				<string>0</string>
			</dict>
			<key>1D6058900D05DD3D006BFB54</key>
			<dict>
				<key>buildConfigurationList</key>
				<string>1D6058960D05DD3E006BFB54</string>
				<key>buildPhases</key>
				<array>
					<string>1D60588D0D05DD3D006BFB54</string>
					<string>1D60588E0D05DD3D006BFB54</string>
					<string>1D60588F0D05DD3D006BFB54</string>
					<string>9255DD331112741900D6945E</string>
				</array>
				<key>buildRules</key>
				<array />
				<key>dependencies</key>
				<array>
					<string>E41D410413B3A11300A75A5D</string>
				</array>
				<key>isa</key>
				<string>PBXNativeTarget</string>
				<key>name</key>
				<string>assimpExample</string>
				<key>productName</key>
				<string>iPhone</string>
				<key>productReference</key>
				<string>1D6058910D05DD3D006BFB54</string>
				<key>productType</key>
				<string>com.apple.product-type.application</string>
			</dict>
			<key>1D6058910D05DD3D006BFB54</key>
			<dict>
				<key>explicitFileType</key>
				<string>wrapper.application</string>
				<key>includeInIndex</key>
				<string>0</string>
				<key>isa</key>
				<string>PBXFileReference</string>
				<key>path</key>
				<string>assimpExample.app</string>
				<key>sourceTree</key>
				<string>BUILT_PRODUCTS_DIR</string>
			</dict>
			<key>1D6058940D05DD3E006BFB54</key>
			<dict>
				<key>buildSettings</key>
				<dict>
					<key>ALWAYS_SEARCH_USER_PATHS</key>
					<string>NO</string>
					<key>GCC_PRECOMPILE_PREFIX_HEADER</key>
					<string>YES</string>
					<key>GCC_PREFIX_HEADER</key>
					<string>iPhone_Prefix.pch</string>
					<key>INFOPLIST_FILE</key>
					<string>ofxiphone-Info.plist</string>
					<key>PRODUCT_NAME</key>
					<string>${TARGET_NAME}</string>
					<key>VALID_ARCHS</key>
					<string>armv6 armv7</string>
				</dict>
				<key>isa</key>
				<string>XCBuildConfiguration</string>
				<key>name</key>
				<string>Debug</string>
			</dict>
			<key>1D6058950D05DD3E006BFB54</key>
			<dict>
				<key>buildSettings</key>
				<dict>
					<key>GCC_PRECOMPILE_PREFIX_HEADER</key>
					<string>YES</string>
					<key>GCC_PREFIX_HEADER</key>
					<string>iPhone_Prefix.pch</string>
					<key>INFOPLIST_FILE</key>
					<string>ofxiphone-Info.plist</string>
					<key>PRODUCT_NAME</key>
					<string>${TARGET_NAME}</string>
					<key>VALID_ARCHS</key>
					<string>armv6 armv7</string>
				</dict>
				<key>isa</key>
				<string>XCBuildConfiguration</string>
				<key>name</key>
				<string>Release</string>
			</dict>
			<key>1D6058960D05DD3E006BFB54</key>
			<dict>
				<key>buildConfigurations</key>
				<array>
					<string>1D6058940D05DD3E006BFB54</string>
					<string>1D6058950D05DD3E006BFB54</string>
				</array>
				<key>defaultConfigurationIsVisible</key>
				<string>0</string>
				<key>defaultConfigurationName</key>
				<string>Release</string>
				<key>isa</key>
				<string>XCConfigurationList</string>
			</dict>
			<key>1D60589F0D05DD5A006BFB54</key>
			<dict>
				<key>fileRef</key>
				<string>1D30AB110D05D00D00671497</string>
				<key>isa</key>
				<string>PBXBuildFile</string>
			</dict>
			<key>1DF5F4DF0D08C38300B7A737</key>
			<dict>
				<key>isa</key>
				<string>PBXFileReference</string>
				<key>lastKnownFileType</key>
				<string>wrapper.framework</string>
				<key>name</key>
				<string>UIKit.framework</string>
				<key>path</key>
				<string>System/Library/Frameworks/UIKit.framework</string>
				<key>sourceTree</key>
				<string>SDKROOT</string>
			</dict>
			<key>1DF5F4E00D08C38300B7A737</key>
			<dict>
				<key>fileRef</key>
				<string>1DF5F4DF0D08C38300B7A737</string>
				<key>isa</key>
				<string>PBXBuildFile</string>
			</dict>
			<key>288765FC0DF74451002DB57D</key>
			<dict>
				<key>isa</key>
				<string>PBXFileReference</string>
				<key>lastKnownFileType</key>
				<string>wrapper.framework</string>
				<key>name</key>
				<string>CoreGraphics.framework</string>
				<key>path</key>
				<string>System/Library/Frameworks/CoreGraphics.framework</string>
				<key>sourceTree</key>
				<string>SDKROOT</string>
			</dict>
			<key>288765FD0DF74451002DB57D</key>
			<dict>
				<key>fileRef</key>
				<string>288765FC0DF74451002DB57D</string>
				<key>isa</key>
				<string>PBXBuildFile</string>
			</dict>
			<key>29B97313FDCFA39411CA2CEA</key>
			<dict>
				<key>buildConfigurationList</key>
				<string>C01FCF4E08A954540054247B</string>
				<key>compatibilityVersion</key>
				<string>Xcode 3.1</string>
				<key>developmentRegion</key>
				<string>English</string>
				<key>hasScannedForEncodings</key>
				<string>1</string>
				<key>isa</key>
				<string>PBXProject</string>
				<key>knownRegions</key>
				<array>
					<string>English</string>
					<string>Japanese</string>
					<string>French</string>
					<string>German</string>
				</array>
				<key>mainGroup</key>
				<string>29B97314FDCFA39411CA2CEA</string>
				<key>projectDirPath</key>
				<string />
				<key>projectReferences</key>
				<array>
					<dict>
						<key>ProductGroup</key>
						<string>E41D40FE13B3A0D800A75A5D</string>
						<key>ProjectRef</key>
						<string>E41D40FD13B3A0D800A75A5D</string>
					</dict>
				</array>
				<key>projectRoot</key>
				<string />
				<key>targets</key>
				<array>
					<string>1D6058900D05DD3D006BFB54</string>
				</array>
			</dict>
			<key>29B97314FDCFA39411CA2CEA</key>
			<dict>
				<key>children</key>
				<array>
					<string>E4D8936A11527B74007E1F53</string>
					<string>BB24DD8B10DA77E000E9C588</string>
					<string>BB24E1F710DAA51900E9C588</string>
					<string>BB16F26B0F2B646B00518274</string>
					<string>BB16E9930F2B1E5900518274</string>
					<string>19C28FACFE9D520D11CA2CBB</string>
				</array>
				<key>isa</key>
				<string>PBXGroup</string>
				<key>name</key>
				<string>CustomTemplate</string>
				<key>sourceTree</key>
				<string>&lt;group&gt;</string>
			</dict>
			<key>29B97323FDCFA39411CA2CEA</key>
			<dict>
				<key>children</key>
				<array>
					<string>E41D400613B39D2100A75A5D</string>
					<string>E41D400713B39D2100A75A5D</string>
					<string>E41D400813B39D2100A75A5D</string>
					<string>E41D400913B39D2100A75A5D</string>
					<string>53F323EA10A20EDB00E0DAE4</string>
					<string>E4A823A312561BE3002F86A2</string>
					<string>BBE5EAB70F49AD8400F28951</string>
					<string>BB16EBD80F2B2AB500518274</string>
					<string>BB16EBD10F2B2A9500518274</string>
					<string>1DF5F4DF0D08C38300B7A737</string>
					<string>1D30AB110D05D00D00671497</string>
					<string>288765FC0DF74451002DB57D</string>
					<string>5326AEA710A23A0500278DE6</string>
				</array>
				<key>isa</key>
				<string>PBXGroup</string>
				<key>name</key>
				<string>core frameworks</string>
				<key>sourceTree</key>
				<string>&lt;group&gt;</string>
			</dict>
			<key>32CA4F630368D1EE00C91783</key>
			<dict>
				<key>fileEncoding</key>
				<string>4</string>
				<key>isa</key>
				<string>PBXFileReference</string>
				<key>lastKnownFileType</key>
				<string>sourcecode.c.h</string>
				<key>path</key>
				<string>iPhone_Prefix.pch</string>
				<key>sourceTree</key>
				<string>&lt;group&gt;</string>
			</dict>
			<key>5326AEA710A23A0500278DE6</key>
			<dict>
				<key>isa</key>
				<string>PBXFileReference</string>
				<key>lastKnownFileType</key>
				<string>wrapper.framework</string>
				<key>name</key>
				<string>CoreLocation.framework</string>
				<key>path</key>
				<string>System/Library/Frameworks/CoreLocation.framework</string>
				<key>sourceTree</key>
				<string>SDKROOT</string>
			</dict>
			<key>5326AEA810A23A0500278DE6</key>
			<dict>
				<key>fileRef</key>
				<string>5326AEA710A23A0500278DE6</string>
				<key>isa</key>
				<string>PBXBuildFile</string>
			</dict>
			<key>53F323EA10A20EDB00E0DAE4</key>
			<dict>
				<key>isa</key>
				<string>PBXFileReference</string>
				<key>lastKnownFileType</key>
				<string>wrapper.framework</string>
				<key>name</key>
				<string>OpenAL.framework</string>
				<key>path</key>
				<string>System/Library/Frameworks/OpenAL.framework</string>
				<key>sourceTree</key>
				<string>SDKROOT</string>
			</dict>
			<key>53F323EB10A20EDB00E0DAE4</key>
			<dict>
				<key>fileRef</key>
				<string>53F323EA10A20EDB00E0DAE4</string>
				<key>isa</key>
				<string>PBXBuildFile</string>
			</dict>
			<key>9255DD331112741900D6945E</key>
			<dict>
				<key>buildActionMask</key>
				<string>2147483647</string>
				<key>files</key>
				<array />
				<key>inputPaths</key>
				<array />
				<key>isa</key>
				<string>PBXShellScriptBuildPhase</string>
				<key>outputPaths</key>
				<array />
				<key>runOnlyForDeploymentPostprocessing</key>
				<string>0</string>
				<key>shellPath</key>
				<string>/bin/sh</string>
				<key>shellScript</key>
				<string>cp -rf bin/data/ "$TARGET_BUILD_DIR/$PRODUCT_NAME.app"
</string>
			</dict>
			<key>BB16E9930F2B1E5900518274</key>
			<dict>
				<key>children</key>
				<array>
					<string>BBE5E94E0F497BD800F28951</string>
				</array>
				<key>isa</key>
				<string>PBXGroup</string>
				<key>name</key>
				<string>libs</string>
				<key>sourceTree</key>
				<string>&lt;group&gt;</string>
			</dict>
			<key>BB16EBD10F2B2A9500518274</key>
			<dict>
				<key>isa</key>
				<string>PBXFileReference</string>
				<key>lastKnownFileType</key>
				<string>wrapper.framework</string>
				<key>name</key>
				<string>OpenGLES.framework</string>
				<key>path</key>
				<string>System/Library/Frameworks/OpenGLES.framework</string>
				<key>sourceTree</key>
				<string>SDKROOT</string>
			</dict>
			<key>BB16EBD20F2B2A9500518274</key>
			<dict>
				<key>fileRef</key>
				<string>BB16EBD10F2B2A9500518274</string>
				<key>isa</key>
				<string>PBXBuildFile</string>
			</dict>
			<key>BB16EBD80F2B2AB500518274</key>
			<dict>
				<key>isa</key>
				<string>PBXFileReference</string>
				<key>lastKnownFileType</key>
				<string>wrapper.framework</string>
				<key>name</key>
				<string>QuartzCore.framework</string>
				<key>path</key>
				<string>System/Library/Frameworks/QuartzCore.framework</string>
				<key>sourceTree</key>
				<string>SDKROOT</string>
			</dict>
			<key>BB16EBD90F2B2AB500518274</key>
			<dict>
				<key>fileRef</key>
				<string>BB16EBD80F2B2AB500518274</string>
				<key>isa</key>
				<string>PBXBuildFile</string>
			</dict>
			<key>BB16F26B0F2B646B00518274</key>
			<dict>
				<key>children</key>
				<array>
					<string>2c8f245acbe61e28646c17f20b185423</string>
				</array>
				<key>isa</key>
				<string>PBXGroup</string>
				<key>name</key>
				<string>addons</string>
				<key>sourceTree</key>
				<string>&lt;group&gt;</string>
			</dict>
			<key>BB24DD8F10DA77E000E9C588</key>
			<dict>
				<key>fileRef</key>
				<string>BB24DD8C10DA77E000E9C588</string>
				<key>isa</key>
				<string>PBXBuildFile</string>
			</dict>
			<key>BB24DD9010DA77E000E9C588</key>
			<dict>
				<key>fileRef</key>
				<string>BB24DD8D10DA77E000E9C588</string>
				<key>isa</key>
				<string>PBXBuildFile</string>
			</dict>
			<key>BB24DDC910DA781C00E9C588</key>
			<dict>
				<key>fileEncoding</key>
				<string>4</string>
				<key>isa</key>
				<string>PBXFileReference</string>
				<key>lastKnownFileType</key>
				<string>text.plist.xml</string>
				<key>path</key>
				<string>ofxiphone-Info.plist</string>
				<key>sourceTree</key>
				<string>&lt;group&gt;</string>
			</dict>
			<key>BB24DDCA10DA781C00E9C588</key>
			<dict>
				<key>fileRef</key>
				<string>BB24DDC910DA781C00E9C588</string>
				<key>isa</key>
				<string>PBXBuildFile</string>
			</dict>
			<key>BB24E1F710DAA51900E9C588</key>
			<dict>
				<key>children</key>
				<array>
					<string>E41D40FD13B3A0D800A75A5D</string>
					<string>32CA4F630368D1EE00C91783</string>
					<string>BB24DDC910DA781C00E9C588</string>
					<string>E41D3EE513B3906D00A75A5D</string>
					<string>E41D3ED613B38FB500A75A5D</string>
				</array>
				<key>isa</key>
				<string>PBXGroup</string>
				<key>name</key>
				<string>openFrameworks</string>
				<key>sourceTree</key>
				<string>&lt;group&gt;</string>
			</dict>
			<key>BBE5E94E0F497BD800F28951</key>
			<dict>
				<key>children</key>
				<array>
					<string>29B97323FDCFA39411CA2CEA</string>
				</array>
				<key>isa</key>
				<string>PBXGroup</string>
				<key>name</key>
				<string>core</string>
				<key>sourceTree</key>
				<string>&lt;group&gt;</string>
			</dict>
			<key>BBE5EAB70F49AD8400F28951</key>
			<dict>
				<key>isa</key>
				<string>PBXFileReference</string>
				<key>lastKnownFileType</key>
				<string>wrapper.framework</string>
				<key>name</key>
				<string>AudioToolbox.framework</string>
				<key>path</key>
				<string>System/Library/Frameworks/AudioToolbox.framework</string>
				<key>sourceTree</key>
				<string>SDKROOT</string>
			</dict>
			<key>BBE5EAB80F49AD8400F28951</key>
			<dict>
				<key>fileRef</key>
				<string>BBE5EAB70F49AD8400F28951</string>
				<key>isa</key>
				<string>PBXBuildFile</string>
			</dict>
			<key>C01FCF4E08A954540054247B</key>
			<dict>
				<key>buildConfigurations</key>
				<array>
					<string>C01FCF4F08A954540054247B</string>
					<string>C01FCF5008A954540054247B</string>
				</array>
				<key>defaultConfigurationIsVisible</key>
				<string>0</string>
				<key>defaultConfigurationName</key>
				<string>Release</string>
				<key>isa</key>
				<string>XCConfigurationList</string>
			</dict>
			<key>C01FCF4F08A954540054247B</key>
			<dict>
				<key>baseConfigurationReference</key>
				<string>E41D3ED613B38FB500A75A5D</string>
				<key>buildSettings</key>
				<dict>
					<key>OTHER_LDFLAGS</key>
					<array>
						<string>$(OF_CORE_LIBS)</string>
						<string>../../../addons/ofxAssimpModelLoader/libs/assimp/lib/ios/assimp.a</string>
						<string>../../../addons/ofxAssimpModelLoader/libs/assimp/lib/osx/assimp.a</string>
					</array>
					<key>HEADER_SEARCH_PATHS</key>
					<array>
						<string>$(OF_CORE_HEADERS)</string>
						<string>../../../addons/ofxAssimpModelLoader/libs</string>
						<string>../../../addons/ofxAssimpModelLoader/libs/assimp</string>
						<string>../../../addons/ofxAssimpModelLoader/libs/assimp/include</string>
						<string>../../../addons/ofxAssimpModelLoader/libs/assimp/include/Compiler</string>
						<string>../../../addons/ofxAssimpModelLoader/libs/assimp/lib</string>
						<string>../../../addons/ofxAssimpModelLoader/libs/assimp/lib/ios</string>
						<string>../../../addons/ofxAssimpModelLoader/src</string>
						<string>src</string>
					</array>
					<key>ALWAYS_SEARCH_USER_PATHS</key>
					<string>YES</string>
					<key>ARCHS</key>
					<string>$(ARCHS_STANDARD_32_BIT)</string>
					<key>CODE_SIGN_IDENTITY</key>
					<string />
					<key>CODE_SIGN_IDENTITY[sdk=iphoneos*]</key>
					<string>iPhone Developer</string>
					<key>COMPRESS_PNG_FILES</key>
					<string>NO</string>
					<key>GCC_C_LANGUAGE_STANDARD</key>
					<string>c99</string>
					<key>GCC_OPTIMIZATION_LEVEL</key>
					<string>0</string>
					<key>GCC_SYMBOLS_PRIVATE_EXTERN</key>
					<string>NO</string>
					<key>GCC_WARN_ABOUT_DEPRECATED_FUNCTIONS</key>
					<string>NO</string>
					<key>GCC_WARN_ABOUT_INVALID_OFFSETOF_MACRO</key>
					<string>NO</string>
					<key>GCC_WARN_ABOUT_POINTER_SIGNEDNESS</key>
					<string>NO</string>
					<key>GCC_WARN_ABOUT_RETURN_TYPE</key>
					<string>YES</string>
					<key>GCC_WARN_ALLOW_INCOMPLETE_PROTOCOL</key>
					<string>NO</string>
					<key>GCC_WARN_PROTOTYPE_CONVERSION</key>
					<string>NO</string>
					<key>GCC_WARN_UNUSED_VARIABLE</key>
					<string>YES</string>
					<key>IPHONEOS_DEPLOYMENT_TARGET</key>
					<string>3.1</string>
					<key>ONLY_ACTIVE_ARCH</key>
					<string>NO</string>
					<key>PREBINDING</key>
					<string>NO</string>
					<key>PROVISIONING_PROFILE[sdk=iphoneos*]</key>
					<string />
					<key>SDKROOT</key>
					<string>iphoneos</string>
					<key>TARGETED_DEVICE_FAMILY</key>
					<string>1</string>
					<key>WARNING_LDFLAGS</key>
					<string>-no_arch_warnings</string>
				</dict>
				<key>isa</key>
				<string>XCBuildConfiguration</string>
				<key>name</key>
				<string>Debug</string>
			</dict>
			<key>C01FCF5008A954540054247B</key>
			<dict>
				<key>baseConfigurationReference</key>
				<string>E41D3ED613B38FB500A75A5D</string>
				<key>buildSettings</key>
				<dict>
					<key>OTHER_LDFLAGS</key>
					<array>
						<string>$(OF_CORE_LIBS)</string>
						<string>../../../addons/ofxAssimpModelLoader/libs/assimp/lib/ios/assimp.a</string>
						<string>../../../addons/ofxAssimpModelLoader/libs/assimp/lib/osx/assimp.a</string>
					</array>
					<key>HEADER_SEARCH_PATHS</key>
					<array>
						<string>$(OF_CORE_HEADERS)</string>
						<string>../../../addons/ofxAssimpModelLoader/libs</string>
						<string>../../../addons/ofxAssimpModelLoader/libs/assimp</string>
						<string>../../../addons/ofxAssimpModelLoader/libs/assimp/include</string>
						<string>../../../addons/ofxAssimpModelLoader/libs/assimp/include/Compiler</string>
						<string>../../../addons/ofxAssimpModelLoader/libs/assimp/lib</string>
						<string>../../../addons/ofxAssimpModelLoader/libs/assimp/lib/ios</string>
						<string>../../../addons/ofxAssimpModelLoader/src</string>
						<string>src</string>
					</array>
					<key>ALWAYS_SEARCH_USER_PATHS</key>
					<string>YES</string>
					<key>ARCHS</key>
					<string>$(ARCHS_STANDARD_32_BIT)</string>
					<key>CODE_SIGN_IDENTITY</key>
					<string />
					<key>CODE_SIGN_IDENTITY[sdk=iphoneos*]</key>
					<string>iPhone Developer</string>
					<key>COMPRESS_PNG_FILES</key>
					<string>NO</string>
					<key>GCC_C_LANGUAGE_STANDARD</key>
					<string>c99</string>
					<key>GCC_DYNAMIC_NO_PIC</key>
					<string>YES</string>
					<key>GCC_GENERATE_DEBUGGING_SYMBOLS</key>
					<string>NO</string>
					<key>GCC_OPTIMIZATION_LEVEL</key>
					<string>3</string>
					<key>GCC_SYMBOLS_PRIVATE_EXTERN</key>
					<string>NO</string>
					<key>GCC_THUMB_SUPPORT</key>
					<string>NO</string>
					<key>GCC_WARN_ABOUT_RETURN_TYPE</key>
					<string>YES</string>
					<key>GCC_WARN_UNUSED_VARIABLE</key>
					<string>YES</string>
					<key>IPHONEOS_DEPLOYMENT_TARGET</key>
					<string>3.1</string>
					<key>ONLY_ACTIVE_ARCH</key>
					<string>NO</string>
					<key>PREBINDING</key>
					<string>NO</string>
					<key>SDKROOT</key>
					<string>iphoneos</string>
					<key>TARGETED_DEVICE_FAMILY</key>
					<string>1</string>
					<key>WARNING_LDFLAGS</key>
					<string>-no_arch_warnings</string>
				</dict>
				<key>isa</key>
				<string>XCBuildConfiguration</string>
				<key>name</key>
				<string>Release</string>
			</dict>
			<key>E41D3ED613B38FB500A75A5D</key>
			<dict>
				<key>fileEncoding</key>
				<string>4</string>
				<key>isa</key>
				<string>PBXFileReference</string>
				<key>lastKnownFileType</key>
				<string>text.xcconfig</string>
				<key>path</key>
				<string>Project.xcconfig</string>
				<key>sourceTree</key>
				<string>&lt;group&gt;</string>
			</dict>
			<key>E41D3ED713B38FB500A75A5D</key>
			<dict>
				<key>fileRef</key>
				<string>E41D3ED613B38FB500A75A5D</string>
				<key>isa</key>
				<string>PBXBuildFile</string>
			</dict>
			<key>E41D3EE513B3906D00A75A5D</key>
			<dict>
				<key>fileEncoding</key>
				<string>4</string>
				<key>isa</key>
				<string>PBXFileReference</string>
				<key>lastKnownFileType</key>
				<string>text.xcconfig</string>
				<key>name</key>
				<string>CoreOF.xcconfig</string>
				<key>path</key>
				<string>../../../libs/openFrameworksCompiled/project/ios/CoreOF.xcconfig</string>
				<key>sourceTree</key>
				<string>SOURCE_ROOT</string>
			</dict>
			<key>E41D3EE613B3906D00A75A5D</key>
			<dict>
				<key>fileRef</key>
				<string>E41D3EE513B3906D00A75A5D</string>
				<key>isa</key>
				<string>PBXBuildFile</string>
			</dict>
			<key>E41D400613B39D2100A75A5D</key>
			<dict>
				<key>isa</key>
				<string>PBXFileReference</string>
				<key>lastKnownFileType</key>
				<string>wrapper.framework</string>
				<key>name</key>
				<string>AVFoundation.framework</string>
				<key>path</key>
				<string>System/Library/Frameworks/AVFoundation.framework</string>
				<key>sourceTree</key>
				<string>SDKROOT</string>
			</dict>
			<key>E41D400713B39D2100A75A5D</key>
			<dict>
				<key>isa</key>
				<string>PBXFileReference</string>
				<key>lastKnownFileType</key>
				<string>wrapper.framework</string>
				<key>name</key>
				<string>CoreMedia.framework</string>
				<key>path</key>
				<string>System/Library/Frameworks/CoreMedia.framework</string>
				<key>sourceTree</key>
				<string>SDKROOT</string>
			</dict>
			<key>E41D400813B39D2100A75A5D</key>
			<dict>
				<key>isa</key>
				<string>PBXFileReference</string>
				<key>lastKnownFileType</key>
				<string>wrapper.framework</string>
				<key>name</key>
				<string>CoreVideo.framework</string>
				<key>path</key>
				<string>System/Library/Frameworks/CoreVideo.framework</string>
				<key>sourceTree</key>
				<string>SDKROOT</string>
			</dict>
			<key>E41D400913B39D2100A75A5D</key>
			<dict>
				<key>isa</key>
				<string>PBXFileReference</string>
				<key>lastKnownFileType</key>
				<string>wrapper.framework</string>
				<key>name</key>
				<string>MapKit.framework</string>
				<key>path</key>
				<string>System/Library/Frameworks/MapKit.framework</string>
				<key>sourceTree</key>
				<string>SDKROOT</string>
			</dict>
			<key>E41D400B13B39D2100A75A5D</key>
			<dict>
				<key>fileRef</key>
				<string>E41D400613B39D2100A75A5D</string>
				<key>isa</key>
				<string>PBXBuildFile</string>
			</dict>
			<key>E41D400C13B39D2100A75A5D</key>
			<dict>
				<key>fileRef</key>
				<string>E41D400713B39D2100A75A5D</string>
				<key>isa</key>
				<string>PBXBuildFile</string>
			</dict>
			<key>E41D400D13B39D2100A75A5D</key>
			<dict>
				<key>fileRef</key>
				<string>E41D400813B39D2100A75A5D</string>
				<key>isa</key>
				<string>PBXBuildFile</string>
			</dict>
			<key>E41D400E13B39D2100A75A5D</key>
			<dict>
				<key>fileRef</key>
				<string>E41D400913B39D2100A75A5D</string>
				<key>isa</key>
				<string>PBXBuildFile</string>
			</dict>
			<key>E41D40FD13B3A0D800A75A5D</key>
			<dict>
				<key>isa</key>
				<string>PBXFileReference</string>
				<key>lastKnownFileType</key>
				<string>wrapper.pb-project</string>
				<key>name</key>
				<string>iOS+OFLib.xcodeproj</string>
				<key>path</key>
				<string>../../../libs/openFrameworksCompiled/project/ios/iOS+OFLib.xcodeproj</string>
				<key>sourceTree</key>
				<string>SOURCE_ROOT</string>
			</dict>
			<key>E41D40FE13B3A0D800A75A5D</key>
			<dict>
				<key>children</key>
				<array>
					<string>E41D410213B3A0D800A75A5D</string>
				</array>
				<key>isa</key>
				<string>PBXGroup</string>
				<key>name</key>
				<string>Products</string>
				<key>sourceTree</key>
				<string>&lt;group&gt;</string>
			</dict>
			<key>E41D410113B3A0D800A75A5D</key>
			<dict>
				<key>containerPortal</key>
				<string>E41D40FD13B3A0D800A75A5D</string>
				<key>isa</key>
				<string>PBXContainerItemProxy</string>
				<key>proxyType</key>
				<string>2</string>
				<key>remoteGlobalIDString</key>
				<string>BB24DED610DA7A3F00E9C588</string>
				<key>remoteInfo</key>
				<string>iPhone+OF Static Library</string>
			</dict>
			<key>E41D410213B3A0D800A75A5D</key>
			<dict>
				<key>fileType</key>
				<string>archive.ar</string>
				<key>isa</key>
				<string>PBXReferenceProxy</string>
				<key>path</key>
				<string>libofxiPhone_iphoneos_Release.a</string>
				<key>remoteRef</key>
				<string>E41D410113B3A0D800A75A5D</string>
				<key>sourceTree</key>
				<string>BUILT_PRODUCTS_DIR</string>
			</dict>
			<key>E41D410313B3A11300A75A5D</key>
			<dict>
				<key>containerPortal</key>
				<string>E41D40FD13B3A0D800A75A5D</string>
				<key>isa</key>
				<string>PBXContainerItemProxy</string>
				<key>proxyType</key>
				<string>1</string>
				<key>remoteGlobalIDString</key>
				<string>BB24DE5C10DA7A3F00E9C588</string>
				<key>remoteInfo</key>
				<string>iPhone+OF Static Library</string>
			</dict>
			<key>E41D410413B3A11300A75A5D</key>
			<dict>
				<key>isa</key>
				<string>PBXTargetDependency</string>
				<key>name</key>
				<string>iPhone+OF Static Library</string>
				<key>targetProxy</key>
				<string>E41D410313B3A11300A75A5D</string>
			</dict>
			<key>E41D421413B3A95300A75A5D</key>
			<dict>
				<key>fileRef</key>
				<string>E41D410213B3A0D800A75A5D</string>
				<key>isa</key>
				<string>PBXBuildFile</string>
			</dict>
			<key>E4A823A312561BE3002F86A2</key>
			<dict>
				<key>isa</key>
				<string>PBXFileReference</string>
				<key>lastKnownFileType</key>
				<string>wrapper.framework</string>
				<key>name</key>
				<string>CoreGraphics.framework</string>
				<key>path</key>
				<string>System/Library/Frameworks/CoreGraphics.framework</string>
				<key>sourceTree</key>
				<string>SDKROOT</string>
			</dict>
			<key>E4A823A412561BE3002F86A2</key>
			<dict>
				<key>fileRef</key>
				<string>E4A823A312561BE3002F86A2</string>
				<key>isa</key>
				<string>PBXBuildFile</string>
			</dict>
			<key>E4D8936A11527B74007E1F53</key>
			<dict>
				<key>children</key>
				<array>
					<string>E4D8936B11527B74007E1F53</string>
					<string>E4D8936D11527B74007E1F53</string>
					<string>E4D8936C11527B74007E1F53</string>
				</array>
				<key>isa</key>
				<string>PBXGroup</string>
				<key>path</key>
				<string>src</string>
				<key>sourceTree</key>
				<string>SOURCE_ROOT</string>
			</dict>
			<key>E4D8936B11527B74007E1F53</key>
			<dict>
				<key>fileEncoding</key>
				<string>4</string>
				<key>isa</key>
				<string>PBXFileReference</string>
				<key>lastKnownFileType</key>
				<string>sourcecode.cpp.objcpp</string>
				<key>name</key>
				<string>main.mm</string>
				<key>path</key>
				<string>src/main.mm</string>
				<key>sourceTree</key>
				<string>SOURCE_ROOT</string>
			</dict>
			<key>E4D8936C11527B74007E1F53</key>
			<dict>
				<key>fileEncoding</key>
				<string>4</string>
				<key>isa</key>
				<string>PBXFileReference</string>
				<key>lastKnownFileType</key>
				<string>sourcecode.c.h</string>
				<key>name</key>
				<string>testApp.h</string>
				<key>path</key>
				<string>src/testApp.h</string>
				<key>sourceTree</key>
				<string>SOURCE_ROOT</string>
			</dict>
			<key>E4D8936D11527B74007E1F53</key>
			<dict>
				<key>fileEncoding</key>
				<string>4</string>
				<key>isa</key>
				<string>PBXFileReference</string>
				<key>lastKnownFileType</key>
				<string>sourcecode.cpp.objcpp</string>
				<key>name</key>
				<string>testApp.mm</string>
				<key>path</key>
				<string>src/testApp.mm</string>
				<key>sourceTree</key>
				<string>SOURCE_ROOT</string>
			</dict>
			<key>E4D8936E11527B74007E1F53</key>
			<dict>
				<key>fileRef</key>
				<string>E4D8936B11527B74007E1F53</string>
				<key>isa</key>
				<string>PBXBuildFile</string>
			</dict>
			<key>E4D8936F11527B74007E1F53</key>
			<dict>
				<key>fileRef</key>
				<string>E4D8936D11527B74007E1F53</string>
				<key>isa</key>
				<string>PBXBuildFile</string>
			</dict>
		</dict>
		<key>rootObject</key>
		<string>29B97313FDCFA39411CA2CEA</string>
	</dict>
</plist>
