<?xml version="1.0"?>
<plist version="1.0">
	<dict>
		<key>archiveVersion</key>
		<string>1</string>
		<key>classes</key>
		<dict />
		<key>objectVersion</key>
		<string>45</string>
		<key>objects</key>
		<dict>
			<key>3342984c510e960b5253ae789de2e83c</key>
			<dict>
				<key>explicitFileType</key>
				<string>sourcecode.c.h</string>
				<key>fileEncoding</key>
				<string>30</string>
				<key>isa</key>
				<string>PBXFileReference</string>
				<key>name</key>
				<string>MyAppDelegate.h</string>
				<key>path</key>
				<string>src/UI/MyAppDelegate.h</string>
				<key>sourceTree</key>
				<string>SOURCE_ROOT</string>
			</dict>
			<key>a55613c24c4db9a6dc49d77252278811</key>
			<dict>
				<key>fileRef</key>
				<string>8627beb34192f6eb415db55d1218034b</string>
				<key>isa</key>
				<string>PBXBuildFile</string>
			</dict>
			<key>8627beb34192f6eb415db55d1218034b</key>
			<dict>
				<key>explicitFileType</key>
				<string>sourcecode.cpp.objcpp</string>
				<key>fileEncoding</key>
				<string>30</string>
				<key>isa</key>
				<string>PBXFileReference</string>
				<key>name</key>
				<string>MyAppDelegate.mm</string>
				<key>path</key>
				<string>src/UI/MyAppDelegate.mm</string>
				<key>sourceTree</key>
				<string>SOURCE_ROOT</string>
			</dict>
			<key>27a862d478af45e4ceed1b6e0e02b163</key>
			<dict>
				<key>fileRef</key>
				<string>9d72247cca22d4bc4b743aaba3d84492</string>
				<key>isa</key>
				<string>PBXBuildFile</string>
			</dict>
			<key>9d72247cca22d4bc4b743aaba3d84492</key>
			<dict>
				<key>explicitFileType</key>
				<string>sourcecode.cpp.objcpp</string>
				<key>fileEncoding</key>
				<string>30</string>
				<key>isa</key>
				<string>PBXFileReference</string>
				<key>name</key>
				<string>MyAppViewController.mm</string>
				<key>path</key>
				<string>src/UI/MyAppViewController.mm</string>
				<key>sourceTree</key>
				<string>SOURCE_ROOT</string>
			</dict>
			<key>bb265ea4218a70dc0c63e4794c54ed3b</key>
			<dict>
				<key>children</key>
				<array>
					<string>9802791eb3f75fe36c55d369e2bcb563</string>
					<string>9d72247cca22d4bc4b743aaba3d84492</string>
					<string>8627beb34192f6eb415db55d1218034b</string>
					<string>3342984c510e960b5253ae789de2e83c</string>
				</array>
				<key>isa</key>
				<string>PBXGroup</string>
				<key>name</key>
				<string>UI</string>
				<key>sourceTree</key>
				<string>&lt;group&gt;</string>
			</dict>
			<key>9802791eb3f75fe36c55d369e2bcb563</key>
			<dict>
				<key>explicitFileType</key>
				<string>sourcecode.c.h</string>
				<key>fileEncoding</key>
				<string>30</string>
				<key>isa</key>
				<string>PBXFileReference</string>
				<key>name</key>
				<string>MyAppViewController.h</string>
				<key>path</key>
				<string>src/UI/MyAppViewController.h</string>
				<key>sourceTree</key>
				<string>SOURCE_ROOT</string>
			</dict>
			<key>7b37e7ad9be78df8cc98c9f3e40d39da</key>
			<dict>
				<key>explicitFileType</key>
				<string>sourcecode.c.h</string>
				<key>fileEncoding</key>
				<string>30</string>
				<key>isa</key>
				<string>PBXFileReference</string>
				<key>name</key>
				<string>TriangleApp.h</string>
				<key>path</key>
				<string>src/Apps/TriangleApp.h</string>
				<key>sourceTree</key>
				<string>SOURCE_ROOT</string>
			</dict>
			<key>246cd2f0cb1c43677ece71ae20309d66</key>
			<dict>
				<key>fileRef</key>
				<string>71fc31075165cfab0b3cf8eec7133b06</string>
				<key>isa</key>
				<string>PBXBuildFile</string>
			</dict>
			<key>71fc31075165cfab0b3cf8eec7133b06</key>
			<dict>
				<key>explicitFileType</key>
				<string>sourcecode.cpp.objcpp</string>
				<key>fileEncoding</key>
				<string>30</string>
				<key>isa</key>
				<string>PBXFileReference</string>
				<key>name</key>
				<string>ImageApp.mm</string>
				<key>path</key>
				<string>src/Apps/ImageApp.mm</string>
				<key>sourceTree</key>
				<string>SOURCE_ROOT</string>
			</dict>
			<key>df485cdc1f163264b57d1f8f94975b25</key>
			<dict>
				<key>fileRef</key>
				<string>cc2d7e64d3607df56d90a48cfa29e2b9</string>
				<key>isa</key>
				<string>PBXBuildFile</string>
			</dict>
			<key>cc2d7e64d3607df56d90a48cfa29e2b9</key>
			<dict>
				<key>explicitFileType</key>
				<string>sourcecode.cpp.objcpp</string>
				<key>fileEncoding</key>
				<string>30</string>
				<key>isa</key>
				<string>PBXFileReference</string>
				<key>name</key>
				<string>SquareApp.mm</string>
				<key>path</key>
				<string>src/Apps/SquareApp.mm</string>
				<key>sourceTree</key>
				<string>SOURCE_ROOT</string>
			</dict>
			<key>a174c6d42676e95effe6cf975bd859f8</key>
			<dict>
				<key>fileRef</key>
				<string>c6fb3183fe800241a844e5b8f108096e</string>
				<key>isa</key>
				<string>PBXBuildFile</string>
			</dict>
			<key>c6fb3183fe800241a844e5b8f108096e</key>
			<dict>
				<key>explicitFileType</key>
				<string>sourcecode.cpp.objcpp</string>
				<key>fileEncoding</key>
				<string>30</string>
				<key>isa</key>
				<string>PBXFileReference</string>
				<key>name</key>
				<string>CircleApp.mm</string>
				<key>path</key>
				<string>src/Apps/CircleApp.mm</string>
				<key>sourceTree</key>
				<string>SOURCE_ROOT</string>
			</dict>
			<key>4e2f89308412dde555dee1a432947b79</key>
			<dict>
				<key>explicitFileType</key>
				<string>sourcecode.c.h</string>
				<key>fileEncoding</key>
				<string>30</string>
				<key>isa</key>
				<string>PBXFileReference</string>
				<key>name</key>
				<string>SquareApp.h</string>
				<key>path</key>
				<string>src/Apps/SquareApp.h</string>
				<key>sourceTree</key>
				<string>SOURCE_ROOT</string>
			</dict>
			<key>2ff2f6fcbd2c5f44b78526d1f0662913</key>
			<dict>
				<key>explicitFileType</key>
				<string>sourcecode.c.h</string>
				<key>fileEncoding</key>
				<string>30</string>
				<key>isa</key>
				<string>PBXFileReference</string>
				<key>name</key>
				<string>ImageApp.h</string>
				<key>path</key>
				<string>src/Apps/ImageApp.h</string>
				<key>sourceTree</key>
				<string>SOURCE_ROOT</string>
			</dict>
			<key>1e06a14544b806ba3bd9b07dd473fbe2</key>
			<dict>
				<key>fileRef</key>
				<string>03541b492cf4ac16398eac639a4074fe</string>
				<key>isa</key>
				<string>PBXBuildFile</string>
			</dict>
			<key>03541b492cf4ac16398eac639a4074fe</key>
			<dict>
				<key>explicitFileType</key>
				<string>sourcecode.cpp.objcpp</string>
				<key>fileEncoding</key>
				<string>30</string>
				<key>isa</key>
				<string>PBXFileReference</string>
				<key>name</key>
				<string>TriangleApp.mm</string>
				<key>path</key>
				<string>src/Apps/TriangleApp.mm</string>
				<key>sourceTree</key>
				<string>SOURCE_ROOT</string>
			</dict>
			<key>d1cfea8461b96256b1b8c57d5973712c</key>
			<dict>
				<key>children</key>
				<array>
					<string>88f12646afb7384dd5ab6fddc7399c69</string>
					<string>03541b492cf4ac16398eac639a4074fe</string>
					<string>2ff2f6fcbd2c5f44b78526d1f0662913</string>
					<string>4e2f89308412dde555dee1a432947b79</string>
					<string>c6fb3183fe800241a844e5b8f108096e</string>
					<string>cc2d7e64d3607df56d90a48cfa29e2b9</string>
					<string>71fc31075165cfab0b3cf8eec7133b06</string>
					<string>7b37e7ad9be78df8cc98c9f3e40d39da</string>
				</array>
				<key>isa</key>
				<string>PBXGroup</string>
				<key>name</key>
				<string>Apps</string>
				<key>sourceTree</key>
				<string>&lt;group&gt;</string>
			</dict>
			<key>88f12646afb7384dd5ab6fddc7399c69</key>
			<dict>
				<key>explicitFileType</key>
				<string>sourcecode.c.h</string>
				<key>fileEncoding</key>
				<string>30</string>
				<key>isa</key>
				<string>PBXFileReference</string>
				<key>name</key>
				<string>CircleApp.h</string>
				<key>path</key>
				<string>src/Apps/CircleApp.h</string>
				<key>sourceTree</key>
				<string>SOURCE_ROOT</string>
			</dict>
			<key>31eb65020afd43eb9bb9110d474ec825</key>
			<dict>
				<key>fileRef</key>
				<string>f774603582f14839ec94720dfc1f8fe2</string>
				<key>isa</key>
				<string>PBXBuildFile</string>
			</dict>
			<key>f774603582f14839ec94720dfc1f8fe2</key>
			<dict>
				<key>explicitFileType</key>
				<string>sourcecode.cpp.objcpp</string>
				<key>fileEncoding</key>
				<string>30</string>
				<key>isa</key>
				<string>PBXFileReference</string>
				<key>name</key>
				<string>SquareAppViewController.mm</string>
				<key>path</key>
				<string>src/AppViewControllers/SquareAppViewController.mm</string>
				<key>sourceTree</key>
				<string>SOURCE_ROOT</string>
			</dict>
			<key>332a20e07fee542c03b49c8c54423c5a</key>
			<dict>
				<key>fileRef</key>
				<string>c0311397df47c8d95320d150c7d23d65</string>
				<key>isa</key>
				<string>PBXBuildFile</string>
			</dict>
			<key>c0311397df47c8d95320d150c7d23d65</key>
			<dict>
				<key>explicitFileType</key>
				<string>sourcecode.cpp.objcpp</string>
				<key>fileEncoding</key>
				<string>30</string>
				<key>isa</key>
				<string>PBXFileReference</string>
				<key>name</key>
				<string>ImageAppViewController.mm</string>
				<key>path</key>
				<string>src/AppViewControllers/ImageAppViewController.mm</string>
				<key>sourceTree</key>
				<string>SOURCE_ROOT</string>
			</dict>
			<key>6e463de882372a0c94e26f83dcdab6ff</key>
			<dict>
				<key>fileRef</key>
				<string>d6e099cc42bfd340c5443385a6446439</string>
				<key>isa</key>
				<string>PBXBuildFile</string>
			</dict>
			<key>d6e099cc42bfd340c5443385a6446439</key>
			<dict>
				<key>explicitFileType</key>
				<string>sourcecode.cpp.objcpp</string>
				<key>fileEncoding</key>
				<string>30</string>
				<key>isa</key>
				<string>PBXFileReference</string>
				<key>name</key>
				<string>CircleAppViewController.mm</string>
				<key>path</key>
				<string>src/AppViewControllers/CircleAppViewController.mm</string>
				<key>sourceTree</key>
				<string>SOURCE_ROOT</string>
			</dict>
			<key>aa892328d6aaa57fabf5034220e225a3</key>
			<dict>
				<key>explicitFileType</key>
				<string>sourcecode.c.h</string>
				<key>fileEncoding</key>
				<string>30</string>
				<key>isa</key>
				<string>PBXFileReference</string>
				<key>name</key>
				<string>TriangleAppViewController.h</string>
				<key>path</key>
				<string>src/AppViewControllers/TriangleAppViewController.h</string>
				<key>sourceTree</key>
				<string>SOURCE_ROOT</string>
			</dict>
			<key>eb3f29c0ac4a650781ebce6fd86a5281</key>
			<dict>
				<key>fileRef</key>
				<string>af53838286224473cb38ba4e02ad77b6</string>
				<key>isa</key>
				<string>PBXBuildFile</string>
			</dict>
			<key>af53838286224473cb38ba4e02ad77b6</key>
			<dict>
				<key>explicitFileType</key>
				<string>sourcecode.cpp.objcpp</string>
				<key>fileEncoding</key>
				<string>30</string>
				<key>isa</key>
				<string>PBXFileReference</string>
				<key>name</key>
				<string>TriangleAppViewController.mm</string>
				<key>path</key>
				<string>src/AppViewControllers/TriangleAppViewController.mm</string>
				<key>sourceTree</key>
				<string>SOURCE_ROOT</string>
			</dict>
			<key>49dc6aa509ee56fd1cd4fd2c79d72331</key>
			<dict>
				<key>explicitFileType</key>
				<string>sourcecode.c.h</string>
				<key>fileEncoding</key>
				<string>30</string>
				<key>isa</key>
				<string>PBXFileReference</string>
				<key>name</key>
				<string>SquareAppViewController.h</string>
				<key>path</key>
				<string>src/AppViewControllers/SquareAppViewController.h</string>
				<key>sourceTree</key>
				<string>SOURCE_ROOT</string>
			</dict>
			<key>e82e754d65a932f2df8b1a0f7c4bfe75</key>
			<dict>
				<key>explicitFileType</key>
				<string>sourcecode.c.h</string>
				<key>fileEncoding</key>
				<string>30</string>
				<key>isa</key>
				<string>PBXFileReference</string>
				<key>name</key>
				<string>CircleAppViewController.h</string>
				<key>path</key>
				<string>src/AppViewControllers/CircleAppViewController.h</string>
				<key>sourceTree</key>
				<string>SOURCE_ROOT</string>
			</dict>
			<key>93f84dd1123fb4b01e0b3b30b02968dd</key>
			<dict>
				<key>children</key>
				<array>
					<string>e535d7be9896bbe12719af28751d92df</string>
					<string>e82e754d65a932f2df8b1a0f7c4bfe75</string>
					<string>49dc6aa509ee56fd1cd4fd2c79d72331</string>
					<string>af53838286224473cb38ba4e02ad77b6</string>
					<string>aa892328d6aaa57fabf5034220e225a3</string>
					<string>d6e099cc42bfd340c5443385a6446439</string>
					<string>c0311397df47c8d95320d150c7d23d65</string>
					<string>f774603582f14839ec94720dfc1f8fe2</string>
				</array>
				<key>isa</key>
				<string>PBXGroup</string>
				<key>name</key>
				<string>AppViewControllers</string>
				<key>sourceTree</key>
				<string>&lt;group&gt;</string>
			</dict>
			<key>e535d7be9896bbe12719af28751d92df</key>
			<dict>
				<key>explicitFileType</key>
				<string>sourcecode.c.h</string>
				<key>fileEncoding</key>
				<string>30</string>
				<key>isa</key>
				<string>PBXFileReference</string>
				<key>name</key>
				<string>ImageAppViewController.h</string>
				<key>path</key>
				<string>src/AppViewControllers/ImageAppViewController.h</string>
				<key>sourceTree</key>
				<string>SOURCE_ROOT</string>
			</dict>
			<key>19C28FACFE9D520D11CA2CBB</key>
			<dict>
				<key>children</key>
				<array>
					<string>1D6058910D05DD3D006BFB54</string>
				</array>
				<key>isa</key>
				<string>PBXGroup</string>
				<key>name</key>
				<string>Products</string>
				<key>sourceTree</key>
				<string>&lt;group&gt;</string>
			</dict>
			<key>1D30AB110D05D00D00671497</key>
			<dict>
				<key>isa</key>
				<string>PBXFileReference</string>
				<key>lastKnownFileType</key>
				<string>wrapper.framework</string>
				<key>name</key>
				<string>Foundation.framework</string>
				<key>path</key>
				<string>System/Library/Frameworks/Foundation.framework</string>
				<key>sourceTree</key>
				<string>SDKROOT</string>
			</dict>
			<key>1D60588D0D05DD3D006BFB54</key>
			<dict>
				<key>buildActionMask</key>
				<string>2147483647</string>
				<key>files</key>
				<array>
					<string>BB24DD8F10DA77E000E9C588</string>
					<string>BB24DD9010DA77E000E9C588</string>
					<string>BB24DDCA10DA781C00E9C588</string>
					<string>E41D3ED713B38FB500A75A5D</string>
					<string>E41D3EE613B3906D00A75A5D</string>
				</array>
				<key>isa</key>
				<string>PBXResourcesBuildPhase</string>
				<key>runOnlyForDeploymentPostprocessing</key>
				<string>0</string>
			</dict>
			<key>1D60588E0D05DD3D006BFB54</key>
			<dict>
				<key>buildActionMask</key>
				<string>2147483647</string>
				<key>files</key>
				<array>
					<string>E4D8936E11527B74007E1F53</string>
					<string>E4D8936F11527B74007E1F53</string>
					<string>eb3f29c0ac4a650781ebce6fd86a5281</string>
					<string>6e463de882372a0c94e26f83dcdab6ff</string>
					<string>332a20e07fee542c03b49c8c54423c5a</string>
					<string>31eb65020afd43eb9bb9110d474ec825</string>
					<string>1e06a14544b806ba3bd9b07dd473fbe2</string>
					<string>a174c6d42676e95effe6cf975bd859f8</string>
					<string>df485cdc1f163264b57d1f8f94975b25</string>
					<string>246cd2f0cb1c43677ece71ae20309d66</string>
					<string>27a862d478af45e4ceed1b6e0e02b163</string>
					<string>a55613c24c4db9a6dc49d77252278811</string>
				</array>
				<key>isa</key>
				<string>PBXSourcesBuildPhase</string>
				<key>runOnlyForDeploymentPostprocessing</key>
				<string>0</string>
			</dict>
			<key>1D60588F0D05DD3D006BFB54</key>
			<dict>
				<key>buildActionMask</key>
				<string>2147483647</string>
				<key>files</key>
				<array>
					<string>E41D421413B3A95300A75A5D</string>
					<string>1D60589F0D05DD5A006BFB54</string>
					<string>1DF5F4E00D08C38300B7A737</string>
					<string>288765FD0DF74451002DB57D</string>
					<string>BB16EBD20F2B2A9500518274</string>
					<string>BB16EBD90F2B2AB500518274</string>
					<string>BBE5EAB80F49AD8400F28951</string>
					<string>53F323EB10A20EDB00E0DAE4</string>
					<string>5326AEA810A23A0500278DE6</string>
					<string>E4A823A412561BE3002F86A2</string>
					<string>E41D400B13B39D2100A75A5D</string>
					<string>E41D400C13B39D2100A75A5D</string>
					<string>E41D400D13B39D2100A75A5D</string>
					<string>E41D400E13B39D2100A75A5D</string>
				</array>
				<key>isa</key>
				<string>PBXFrameworksBuildPhase</string>
				<key>runOnlyForDeploymentPostprocessing</key>
				<string>0</string>
			</dict>
			<key>1D6058900D05DD3D006BFB54</key>
			<dict>
				<key>buildConfigurationList</key>
				<string>1D6058960D05DD3E006BFB54</string>
				<key>buildPhases</key>
				<array>
					<string>1D60588D0D05DD3D006BFB54</string>
					<string>1D60588E0D05DD3D006BFB54</string>
					<string>1D60588F0D05DD3D006BFB54</string>
					<string>9255DD331112741900D6945E</string>
				</array>
				<key>buildRules</key>
				<array />
				<key>dependencies</key>
				<array>
					<string>E41D410413B3A11300A75A5D</string>
				</array>
				<key>isa</key>
				<string>PBXNativeTarget</string>
				<key>name</key>
				<string>iosNativeExample</string>
				<key>productName</key>
				<string>iPhone</string>
				<key>productReference</key>
				<string>1D6058910D05DD3D006BFB54</string>
				<key>productType</key>
				<string>com.apple.product-type.application</string>
			</dict>
			<key>1D6058910D05DD3D006BFB54</key>
			<dict>
				<key>explicitFileType</key>
				<string>wrapper.application</string>
				<key>includeInIndex</key>
				<string>0</string>
				<key>isa</key>
				<string>PBXFileReference</string>
				<key>path</key>
				<string>iosNativeExample.app</string>
				<key>sourceTree</key>
				<string>BUILT_PRODUCTS_DIR</string>
			</dict>
			<key>1D6058940D05DD3E006BFB54</key>
			<dict>
				<key>buildSettings</key>
				<dict>
					<key>ALWAYS_SEARCH_USER_PATHS</key>
					<string>NO</string>
					<key>GCC_PRECOMPILE_PREFIX_HEADER</key>
					<string>YES</string>
					<key>GCC_PREFIX_HEADER</key>
					<string>iPhone_Prefix.pch</string>
					<key>INFOPLIST_FILE</key>
					<string>ofxiphone-Info.plist</string>
					<key>PRODUCT_NAME</key>
					<string>${TARGET_NAME}</string>
					<key>VALID_ARCHS</key>
					<string>armv6 armv7</string>
				</dict>
				<key>isa</key>
				<string>XCBuildConfiguration</string>
				<key>name</key>
				<string>Debug</string>
			</dict>
			<key>1D6058950D05DD3E006BFB54</key>
			<dict>
				<key>buildSettings</key>
				<dict>
					<key>GCC_PRECOMPILE_PREFIX_HEADER</key>
					<string>YES</string>
					<key>GCC_PREFIX_HEADER</key>
					<string>iPhone_Prefix.pch</string>
					<key>INFOPLIST_FILE</key>
					<string>ofxiphone-Info.plist</string>
					<key>PRODUCT_NAME</key>
					<string>${TARGET_NAME}</string>
					<key>VALID_ARCHS</key>
					<string>armv6 armv7</string>
				</dict>
				<key>isa</key>
				<string>XCBuildConfiguration</string>
				<key>name</key>
				<string>Release</string>
			</dict>
			<key>1D6058960D05DD3E006BFB54</key>
			<dict>
				<key>buildConfigurations</key>
				<array>
					<string>1D6058940D05DD3E006BFB54</string>
					<string>1D6058950D05DD3E006BFB54</string>
				</array>
				<key>defaultConfigurationIsVisible</key>
				<string>0</string>
				<key>defaultConfigurationName</key>
				<string>Release</string>
				<key>isa</key>
				<string>XCConfigurationList</string>
			</dict>
			<key>1D60589F0D05DD5A006BFB54</key>
			<dict>
				<key>fileRef</key>
				<string>1D30AB110D05D00D00671497</string>
				<key>isa</key>
				<string>PBXBuildFile</string>
			</dict>
			<key>1DF5F4DF0D08C38300B7A737</key>
			<dict>
				<key>isa</key>
				<string>PBXFileReference</string>
				<key>lastKnownFileType</key>
				<string>wrapper.framework</string>
				<key>name</key>
				<string>UIKit.framework</string>
				<key>path</key>
				<string>System/Library/Frameworks/UIKit.framework</string>
				<key>sourceTree</key>
				<string>SDKROOT</string>
			</dict>
			<key>1DF5F4E00D08C38300B7A737</key>
			<dict>
				<key>fileRef</key>
				<string>1DF5F4DF0D08C38300B7A737</string>
				<key>isa</key>
				<string>PBXBuildFile</string>
			</dict>
			<key>288765FC0DF74451002DB57D</key>
			<dict>
				<key>isa</key>
				<string>PBXFileReference</string>
				<key>lastKnownFileType</key>
				<string>wrapper.framework</string>
				<key>name</key>
				<string>CoreGraphics.framework</string>
				<key>path</key>
				<string>System/Library/Frameworks/CoreGraphics.framework</string>
				<key>sourceTree</key>
				<string>SDKROOT</string>
			</dict>
			<key>288765FD0DF74451002DB57D</key>
			<dict>
				<key>fileRef</key>
				<string>288765FC0DF74451002DB57D</string>
				<key>isa</key>
				<string>PBXBuildFile</string>
			</dict>
			<key>29B97313FDCFA39411CA2CEA</key>
			<dict>
				<key>buildConfigurationList</key>
				<string>C01FCF4E08A954540054247B</string>
				<key>compatibilityVersion</key>
				<string>Xcode 3.1</string>
				<key>developmentRegion</key>
				<string>English</string>
				<key>hasScannedForEncodings</key>
				<string>1</string>
				<key>isa</key>
				<string>PBXProject</string>
				<key>knownRegions</key>
				<array>
					<string>English</string>
					<string>Japanese</string>
					<string>French</string>
					<string>German</string>
				</array>
				<key>mainGroup</key>
				<string>29B97314FDCFA39411CA2CEA</string>
				<key>projectDirPath</key>
				<string />
				<key>projectReferences</key>
				<array>
					<dict>
						<key>ProductGroup</key>
						<string>E41D40FE13B3A0D800A75A5D</string>
						<key>ProjectRef</key>
						<string>E41D40FD13B3A0D800A75A5D</string>
					</dict>
				</array>
				<key>projectRoot</key>
				<string />
				<key>targets</key>
				<array>
					<string>1D6058900D05DD3D006BFB54</string>
				</array>
			</dict>
			<key>29B97314FDCFA39411CA2CEA</key>
			<dict>
				<key>children</key>
				<array>
					<string>E4D8936A11527B74007E1F53</string>
					<string>BB24DD8B10DA77E000E9C588</string>
					<string>BB24E1F710DAA51900E9C588</string>
					<string>BB16F26B0F2B646B00518274</string>
					<string>BB16E9930F2B1E5900518274</string>
					<string>19C28FACFE9D520D11CA2CBB</string>
				</array>
				<key>isa</key>
				<string>PBXGroup</string>
				<key>name</key>
				<string>CustomTemplate</string>
				<key>sourceTree</key>
				<string>&lt;group&gt;</string>
			</dict>
			<key>29B97323FDCFA39411CA2CEA</key>
			<dict>
				<key>children</key>
				<array>
					<string>E41D400613B39D2100A75A5D</string>
					<string>E41D400713B39D2100A75A5D</string>
					<string>E41D400813B39D2100A75A5D</string>
					<string>E41D400913B39D2100A75A5D</string>
					<string>53F323EA10A20EDB00E0DAE4</string>
					<string>E4A823A312561BE3002F86A2</string>
					<string>BBE5EAB70F49AD8400F28951</string>
					<string>BB16EBD80F2B2AB500518274</string>
					<string>BB16EBD10F2B2A9500518274</string>
					<string>1DF5F4DF0D08C38300B7A737</string>
					<string>1D30AB110D05D00D00671497</string>
					<string>288765FC0DF74451002DB57D</string>
					<string>5326AEA710A23A0500278DE6</string>
				</array>
				<key>isa</key>
				<string>PBXGroup</string>
				<key>name</key>
				<string>core frameworks</string>
				<key>sourceTree</key>
				<string>&lt;group&gt;</string>
			</dict>
			<key>32CA4F630368D1EE00C91783</key>
			<dict>
				<key>fileEncoding</key>
				<string>4</string>
				<key>isa</key>
				<string>PBXFileReference</string>
				<key>lastKnownFileType</key>
				<string>sourcecode.c.h</string>
				<key>path</key>
				<string>iPhone_Prefix.pch</string>
				<key>sourceTree</key>
				<string>&lt;group&gt;</string>
			</dict>
			<key>5326AEA710A23A0500278DE6</key>
			<dict>
				<key>isa</key>
				<string>PBXFileReference</string>
				<key>lastKnownFileType</key>
				<string>wrapper.framework</string>
				<key>name</key>
				<string>CoreLocation.framework</string>
				<key>path</key>
				<string>System/Library/Frameworks/CoreLocation.framework</string>
				<key>sourceTree</key>
				<string>SDKROOT</string>
			</dict>
			<key>5326AEA810A23A0500278DE6</key>
			<dict>
				<key>fileRef</key>
				<string>5326AEA710A23A0500278DE6</string>
				<key>isa</key>
				<string>PBXBuildFile</string>
			</dict>
			<key>53F323EA10A20EDB00E0DAE4</key>
			<dict>
				<key>isa</key>
				<string>PBXFileReference</string>
				<key>lastKnownFileType</key>
				<string>wrapper.framework</string>
				<key>name</key>
				<string>OpenAL.framework</string>
				<key>path</key>
				<string>System/Library/Frameworks/OpenAL.framework</string>
				<key>sourceTree</key>
				<string>SDKROOT</string>
			</dict>
			<key>53F323EB10A20EDB00E0DAE4</key>
			<dict>
				<key>fileRef</key>
				<string>53F323EA10A20EDB00E0DAE4</string>
				<key>isa</key>
				<string>PBXBuildFile</string>
			</dict>
			<key>9255DD331112741900D6945E</key>
			<dict>
				<key>buildActionMask</key>
				<string>2147483647</string>
				<key>files</key>
				<array />
				<key>inputPaths</key>
				<array />
				<key>isa</key>
				<string>PBXShellScriptBuildPhase</string>
				<key>outputPaths</key>
				<array />
				<key>runOnlyForDeploymentPostprocessing</key>
				<string>0</string>
				<key>shellPath</key>
				<string>/bin/sh</string>
				<key>shellScript</key>
				<string>cp -rf bin/data/ "$TARGET_BUILD_DIR/$PRODUCT_NAME.app"
</string>
			</dict>
			<key>BB16E9930F2B1E5900518274</key>
			<dict>
				<key>children</key>
				<array>
					<string>BBE5E94E0F497BD800F28951</string>
				</array>
				<key>isa</key>
				<string>PBXGroup</string>
				<key>name</key>
				<string>libs</string>
				<key>sourceTree</key>
				<string>&lt;group&gt;</string>
			</dict>
			<key>BB16EBD10F2B2A9500518274</key>
			<dict>
				<key>isa</key>
				<string>PBXFileReference</string>
				<key>lastKnownFileType</key>
				<string>wrapper.framework</string>
				<key>name</key>
				<string>OpenGLES.framework</string>
				<key>path</key>
				<string>System/Library/Frameworks/OpenGLES.framework</string>
				<key>sourceTree</key>
				<string>SDKROOT</string>
			</dict>
			<key>BB16EBD20F2B2A9500518274</key>
			<dict>
				<key>fileRef</key>
				<string>BB16EBD10F2B2A9500518274</string>
				<key>isa</key>
				<string>PBXBuildFile</string>
			</dict>
			<key>BB16EBD80F2B2AB500518274</key>
			<dict>
				<key>isa</key>
				<string>PBXFileReference</string>
				<key>lastKnownFileType</key>
				<string>wrapper.framework</string>
				<key>name</key>
				<string>QuartzCore.framework</string>
				<key>path</key>
				<string>System/Library/Frameworks/QuartzCore.framework</string>
				<key>sourceTree</key>
				<string>SDKROOT</string>
			</dict>
			<key>BB16EBD90F2B2AB500518274</key>
			<dict>
				<key>fileRef</key>
				<string>BB16EBD80F2B2AB500518274</string>
				<key>isa</key>
				<string>PBXBuildFile</string>
			</dict>
			<key>BB16F26B0F2B646B00518274</key>
			<dict>
				<key>children</key>
				<array />
				<key>isa</key>
				<string>PBXGroup</string>
				<key>name</key>
				<string>addons</string>
				<key>sourceTree</key>
				<string>&lt;group&gt;</string>
			</dict>
			<key>BB24DD8F10DA77E000E9C588</key>
			<dict>
				<key>fileRef</key>
				<string>BB24DD8C10DA77E000E9C588</string>
				<key>isa</key>
				<string>PBXBuildFile</string>
			</dict>
			<key>BB24DD9010DA77E000E9C588</key>
			<dict>
				<key>fileRef</key>
				<string>BB24DD8D10DA77E000E9C588</string>
				<key>isa</key>
				<string>PBXBuildFile</string>
			</dict>
			<key>BB24DDC910DA781C00E9C588</key>
			<dict>
				<key>fileEncoding</key>
				<string>4</string>
				<key>isa</key>
				<string>PBXFileReference</string>
				<key>lastKnownFileType</key>
				<string>text.plist.xml</string>
				<key>path</key>
				<string>ofxiphone-Info.plist</string>
				<key>sourceTree</key>
				<string>&lt;group&gt;</string>
			</dict>
			<key>BB24DDCA10DA781C00E9C588</key>
			<dict>
				<key>fileRef</key>
				<string>BB24DDC910DA781C00E9C588</string>
				<key>isa</key>
				<string>PBXBuildFile</string>
			</dict>
			<key>BB24E1F710DAA51900E9C588</key>
			<dict>
				<key>children</key>
				<array>
					<string>E41D40FD13B3A0D800A75A5D</string>
					<string>32CA4F630368D1EE00C91783</string>
					<string>BB24DDC910DA781C00E9C588</string>
					<string>E41D3EE513B3906D00A75A5D</string>
					<string>E41D3ED613B38FB500A75A5D</string>
				</array>
				<key>isa</key>
				<string>PBXGroup</string>
				<key>name</key>
				<string>openFrameworks</string>
				<key>sourceTree</key>
				<string>&lt;group&gt;</string>
			</dict>
			<key>BBE5E94E0F497BD800F28951</key>
			<dict>
				<key>children</key>
				<array>
					<string>29B97323FDCFA39411CA2CEA</string>
				</array>
				<key>isa</key>
				<string>PBXGroup</string>
				<key>name</key>
				<string>core</string>
				<key>sourceTree</key>
				<string>&lt;group&gt;</string>
			</dict>
			<key>BBE5EAB70F49AD8400F28951</key>
			<dict>
				<key>isa</key>
				<string>PBXFileReference</string>
				<key>lastKnownFileType</key>
				<string>wrapper.framework</string>
				<key>name</key>
				<string>AudioToolbox.framework</string>
				<key>path</key>
				<string>System/Library/Frameworks/AudioToolbox.framework</string>
				<key>sourceTree</key>
				<string>SDKROOT</string>
			</dict>
			<key>BBE5EAB80F49AD8400F28951</key>
			<dict>
				<key>fileRef</key>
				<string>BBE5EAB70F49AD8400F28951</string>
				<key>isa</key>
				<string>PBXBuildFile</string>
			</dict>
			<key>C01FCF4E08A954540054247B</key>
			<dict>
				<key>buildConfigurations</key>
				<array>
					<string>C01FCF4F08A954540054247B</string>
					<string>C01FCF5008A954540054247B</string>
				</array>
				<key>defaultConfigurationIsVisible</key>
				<string>0</string>
				<key>defaultConfigurationName</key>
				<string>Release</string>
				<key>isa</key>
				<string>XCConfigurationList</string>
			</dict>
			<key>C01FCF4F08A954540054247B</key>
			<dict>
				<key>baseConfigurationReference</key>
				<string>E41D3ED613B38FB500A75A5D</string>
				<key>buildSettings</key>
				<dict>
					<key>HEADER_SEARCH_PATHS</key>
					<array>
						<string>$(OF_CORE_HEADERS)</string>
						<string>src</string>
						<string>src/AppViewControllers</string>
						<string>src/Apps</string>
						<string>src/UI</string>
					</array>
					<key>ALWAYS_SEARCH_USER_PATHS</key>
					<string>YES</string>
					<key>ARCHS</key>
					<string>$(ARCHS_STANDARD_32_BIT)</string>
					<key>CODE_SIGN_IDENTITY</key>
					<string />
					<key>CODE_SIGN_IDENTITY[sdk=iphoneos*]</key>
					<string>iPhone Developer</string>
					<key>COMPRESS_PNG_FILES</key>
					<string>NO</string>
					<key>GCC_C_LANGUAGE_STANDARD</key>
					<string>c99</string>
					<key>GCC_OPTIMIZATION_LEVEL</key>
					<string>0</string>
					<key>GCC_SYMBOLS_PRIVATE_EXTERN</key>
					<string>NO</string>
					<key>GCC_WARN_ABOUT_DEPRECATED_FUNCTIONS</key>
					<string>NO</string>
					<key>GCC_WARN_ABOUT_INVALID_OFFSETOF_MACRO</key>
					<string>NO</string>
					<key>GCC_WARN_ABOUT_POINTER_SIGNEDNESS</key>
					<string>NO</string>
					<key>GCC_WARN_ABOUT_RETURN_TYPE</key>
					<string>YES</string>
					<key>GCC_WARN_ALLOW_INCOMPLETE_PROTOCOL</key>
					<string>NO</string>
					<key>GCC_WARN_PROTOTYPE_CONVERSION</key>
					<string>NO</string>
					<key>GCC_WARN_UNUSED_VARIABLE</key>
					<string>YES</string>
					<key>IPHONEOS_DEPLOYMENT_TARGET</key>
					<string>3.1</string>
					<key>ONLY_ACTIVE_ARCH</key>
					<string>NO</string>
					<key>PREBINDING</key>
					<string>NO</string>
					<key>PROVISIONING_PROFILE[sdk=iphoneos*]</key>
					<string />
					<key>SDKROOT</key>
					<string>iphoneos</string>
					<key>TARGETED_DEVICE_FAMILY</key>
					<string>1</string>
					<key>WARNING_LDFLAGS</key>
					<string>-no_arch_warnings</string>
				</dict>
				<key>isa</key>
				<string>XCBuildConfiguration</string>
				<key>name</key>
				<string>Debug</string>
			</dict>
			<key>C01FCF5008A954540054247B</key>
			<dict>
				<key>baseConfigurationReference</key>
				<string>E41D3ED613B38FB500A75A5D</string>
				<key>buildSettings</key>
				<dict>
					<key>HEADER_SEARCH_PATHS</key>
					<array>
						<string>$(OF_CORE_HEADERS)</string>
						<string>src</string>
						<string>src/AppViewControllers</string>
						<string>src/Apps</string>
						<string>src/UI</string>
					</array>
					<key>ALWAYS_SEARCH_USER_PATHS</key>
					<string>YES</string>
					<key>ARCHS</key>
					<string>$(ARCHS_STANDARD_32_BIT)</string>
					<key>CODE_SIGN_IDENTITY</key>
					<string />
					<key>CODE_SIGN_IDENTITY[sdk=iphoneos*]</key>
					<string>iPhone Developer</string>
					<key>COMPRESS_PNG_FILES</key>
					<string>NO</string>
					<key>GCC_C_LANGUAGE_STANDARD</key>
					<string>c99</string>
					<key>GCC_DYNAMIC_NO_PIC</key>
					<string>YES</string>
					<key>GCC_GENERATE_DEBUGGING_SYMBOLS</key>
					<string>NO</string>
					<key>GCC_OPTIMIZATION_LEVEL</key>
					<string>3</string>
					<key>GCC_SYMBOLS_PRIVATE_EXTERN</key>
					<string>NO</string>
					<key>GCC_THUMB_SUPPORT</key>
					<string>NO</string>
					<key>GCC_WARN_ABOUT_RETURN_TYPE</key>
					<string>YES</string>
					<key>GCC_WARN_UNUSED_VARIABLE</key>
					<string>YES</string>
					<key>IPHONEOS_DEPLOYMENT_TARGET</key>
					<string>3.1</string>
					<key>ONLY_ACTIVE_ARCH</key>
					<string>NO</string>
					<key>PREBINDING</key>
					<string>NO</string>
					<key>SDKROOT</key>
					<string>iphoneos</string>
					<key>TARGETED_DEVICE_FAMILY</key>
					<string>1</string>
					<key>WARNING_LDFLAGS</key>
					<string>-no_arch_warnings</string>
				</dict>
				<key>isa</key>
				<string>XCBuildConfiguration</string>
				<key>name</key>
				<string>Release</string>
			</dict>
			<key>E41D3ED613B38FB500A75A5D</key>
			<dict>
				<key>fileEncoding</key>
				<string>4</string>
				<key>isa</key>
				<string>PBXFileReference</string>
				<key>lastKnownFileType</key>
				<string>text.xcconfig</string>
				<key>path</key>
				<string>Project.xcconfig</string>
				<key>sourceTree</key>
				<string>&lt;group&gt;</string>
			</dict>
			<key>E41D3ED713B38FB500A75A5D</key>
			<dict>
				<key>fileRef</key>
				<string>E41D3ED613B38FB500A75A5D</string>
				<key>isa</key>
				<string>PBXBuildFile</string>
			</dict>
			<key>E41D3EE513B3906D00A75A5D</key>
			<dict>
				<key>fileEncoding</key>
				<string>4</string>
				<key>isa</key>
				<string>PBXFileReference</string>
				<key>lastKnownFileType</key>
				<string>text.xcconfig</string>
				<key>name</key>
				<string>CoreOF.xcconfig</string>
				<key>path</key>
				<string>../../../libs/openFrameworksCompiled/project/ios/CoreOF.xcconfig</string>
				<key>sourceTree</key>
				<string>SOURCE_ROOT</string>
			</dict>
			<key>E41D3EE613B3906D00A75A5D</key>
			<dict>
				<key>fileRef</key>
				<string>E41D3EE513B3906D00A75A5D</string>
				<key>isa</key>
				<string>PBXBuildFile</string>
			</dict>
			<key>E41D400613B39D2100A75A5D</key>
			<dict>
				<key>isa</key>
				<string>PBXFileReference</string>
				<key>lastKnownFileType</key>
				<string>wrapper.framework</string>
				<key>name</key>
				<string>AVFoundation.framework</string>
				<key>path</key>
				<string>System/Library/Frameworks/AVFoundation.framework</string>
				<key>sourceTree</key>
				<string>SDKROOT</string>
			</dict>
			<key>E41D400713B39D2100A75A5D</key>
			<dict>
				<key>isa</key>
				<string>PBXFileReference</string>
				<key>lastKnownFileType</key>
				<string>wrapper.framework</string>
				<key>name</key>
				<string>CoreMedia.framework</string>
				<key>path</key>
				<string>System/Library/Frameworks/CoreMedia.framework</string>
				<key>sourceTree</key>
				<string>SDKROOT</string>
			</dict>
			<key>E41D400813B39D2100A75A5D</key>
			<dict>
				<key>isa</key>
				<string>PBXFileReference</string>
				<key>lastKnownFileType</key>
				<string>wrapper.framework</string>
				<key>name</key>
				<string>CoreVideo.framework</string>
				<key>path</key>
				<string>System/Library/Frameworks/CoreVideo.framework</string>
				<key>sourceTree</key>
				<string>SDKROOT</string>
			</dict>
			<key>E41D400913B39D2100A75A5D</key>
			<dict>
				<key>isa</key>
				<string>PBXFileReference</string>
				<key>lastKnownFileType</key>
				<string>wrapper.framework</string>
				<key>name</key>
				<string>MapKit.framework</string>
				<key>path</key>
				<string>System/Library/Frameworks/MapKit.framework</string>
				<key>sourceTree</key>
				<string>SDKROOT</string>
			</dict>
			<key>E41D400B13B39D2100A75A5D</key>
			<dict>
				<key>fileRef</key>
				<string>E41D400613B39D2100A75A5D</string>
				<key>isa</key>
				<string>PBXBuildFile</string>
			</dict>
			<key>E41D400C13B39D2100A75A5D</key>
			<dict>
				<key>fileRef</key>
				<string>E41D400713B39D2100A75A5D</string>
				<key>isa</key>
				<string>PBXBuildFile</string>
			</dict>
			<key>E41D400D13B39D2100A75A5D</key>
			<dict>
				<key>fileRef</key>
				<string>E41D400813B39D2100A75A5D</string>
				<key>isa</key>
				<string>PBXBuildFile</string>
			</dict>
			<key>E41D400E13B39D2100A75A5D</key>
			<dict>
				<key>fileRef</key>
				<string>E41D400913B39D2100A75A5D</string>
				<key>isa</key>
				<string>PBXBuildFile</string>
			</dict>
			<key>E41D40FD13B3A0D800A75A5D</key>
			<dict>
				<key>isa</key>
				<string>PBXFileReference</string>
				<key>lastKnownFileType</key>
				<string>wrapper.pb-project</string>
				<key>name</key>
				<string>iOS+OFLib.xcodeproj</string>
				<key>path</key>
				<string>../../../libs/openFrameworksCompiled/project/ios/iOS+OFLib.xcodeproj</string>
				<key>sourceTree</key>
				<string>SOURCE_ROOT</string>
			</dict>
			<key>E41D40FE13B3A0D800A75A5D</key>
			<dict>
				<key>children</key>
				<array>
					<string>E41D410213B3A0D800A75A5D</string>
				</array>
				<key>isa</key>
				<string>PBXGroup</string>
				<key>name</key>
				<string>Products</string>
				<key>sourceTree</key>
				<string>&lt;group&gt;</string>
			</dict>
			<key>E41D410113B3A0D800A75A5D</key>
			<dict>
				<key>containerPortal</key>
				<string>E41D40FD13B3A0D800A75A5D</string>
				<key>isa</key>
				<string>PBXContainerItemProxy</string>
				<key>proxyType</key>
				<string>2</string>
				<key>remoteGlobalIDString</key>
				<string>BB24DED610DA7A3F00E9C588</string>
				<key>remoteInfo</key>
				<string>iPhone+OF Static Library</string>
			</dict>
			<key>E41D410213B3A0D800A75A5D</key>
			<dict>
				<key>fileType</key>
				<string>archive.ar</string>
				<key>isa</key>
				<string>PBXReferenceProxy</string>
				<key>path</key>
				<string>libofxiPhone_iphoneos_Release.a</string>
				<key>remoteRef</key>
				<string>E41D410113B3A0D800A75A5D</string>
				<key>sourceTree</key>
				<string>BUILT_PRODUCTS_DIR</string>
			</dict>
			<key>E41D410313B3A11300A75A5D</key>
			<dict>
				<key>containerPortal</key>
				<string>E41D40FD13B3A0D800A75A5D</string>
				<key>isa</key>
				<string>PBXContainerItemProxy</string>
				<key>proxyType</key>
				<string>1</string>
				<key>remoteGlobalIDString</key>
				<string>BB24DE5C10DA7A3F00E9C588</string>
				<key>remoteInfo</key>
				<string>iPhone+OF Static Library</string>
			</dict>
			<key>E41D410413B3A11300A75A5D</key>
			<dict>
				<key>isa</key>
				<string>PBXTargetDependency</string>
				<key>name</key>
				<string>iPhone+OF Static Library</string>
				<key>targetProxy</key>
				<string>E41D410313B3A11300A75A5D</string>
			</dict>
			<key>E41D421413B3A95300A75A5D</key>
			<dict>
				<key>fileRef</key>
				<string>E41D410213B3A0D800A75A5D</string>
				<key>isa</key>
				<string>PBXBuildFile</string>
			</dict>
			<key>E4A823A312561BE3002F86A2</key>
			<dict>
				<key>isa</key>
				<string>PBXFileReference</string>
				<key>lastKnownFileType</key>
				<string>wrapper.framework</string>
				<key>name</key>
				<string>CoreGraphics.framework</string>
				<key>path</key>
				<string>System/Library/Frameworks/CoreGraphics.framework</string>
				<key>sourceTree</key>
				<string>SDKROOT</string>
			</dict>
			<key>E4A823A412561BE3002F86A2</key>
			<dict>
				<key>fileRef</key>
				<string>E4A823A312561BE3002F86A2</string>
				<key>isa</key>
				<string>PBXBuildFile</string>
			</dict>
			<key>E4D8936A11527B74007E1F53</key>
			<dict>
				<key>children</key>
				<array>
					<string>E4D8936B11527B74007E1F53</string>
					<string>E4D8936D11527B74007E1F53</string>
					<string>E4D8936C11527B74007E1F53</string>
					<string>93f84dd1123fb4b01e0b3b30b02968dd</string>
					<string>d1cfea8461b96256b1b8c57d5973712c</string>
					<string>bb265ea4218a70dc0c63e4794c54ed3b</string>
				</array>
				<key>isa</key>
				<string>PBXGroup</string>
				<key>path</key>
				<string>src</string>
				<key>sourceTree</key>
				<string>SOURCE_ROOT</string>
			</dict>
			<key>E4D8936B11527B74007E1F53</key>
			<dict>
				<key>fileEncoding</key>
				<string>4</string>
				<key>isa</key>
				<string>PBXFileReference</string>
				<key>lastKnownFileType</key>
				<string>sourcecode.cpp.objcpp</string>
				<key>name</key>
				<string>main.mm</string>
				<key>path</key>
				<string>src/main.mm</string>
				<key>sourceTree</key>
				<string>SOURCE_ROOT</string>
			</dict>
			<key>E4D8936C11527B74007E1F53</key>
			<dict>
				<key>fileEncoding</key>
				<string>4</string>
				<key>isa</key>
				<string>PBXFileReference</string>
				<key>lastKnownFileType</key>
				<string>sourcecode.c.h</string>
				<key>name</key>
				<string>testApp.h</string>
				<key>path</key>
				<string>src/testApp.h</string>
				<key>sourceTree</key>
				<string>SOURCE_ROOT</string>
			</dict>
			<key>E4D8936D11527B74007E1F53</key>
			<dict>
				<key>fileEncoding</key>
				<string>4</string>
				<key>isa</key>
				<string>PBXFileReference</string>
				<key>lastKnownFileType</key>
				<string>sourcecode.cpp.objcpp</string>
				<key>name</key>
				<string>testApp.mm</string>
				<key>path</key>
				<string>src/testApp.mm</string>
				<key>sourceTree</key>
				<string>SOURCE_ROOT</string>
			</dict>
			<key>E4D8936E11527B74007E1F53</key>
			<dict>
				<key>fileRef</key>
				<string>E4D8936B11527B74007E1F53</string>
				<key>isa</key>
				<string>PBXBuildFile</string>
			</dict>
			<key>E4D8936F11527B74007E1F53</key>
			<dict>
				<key>fileRef</key>
				<string>E4D8936D11527B74007E1F53</string>
				<key>isa</key>
				<string>PBXBuildFile</string>
			</dict>
		</dict>
		<key>rootObject</key>
		<string>29B97313FDCFA39411CA2CEA</string>
	</dict>
</plist>
